// !$*UTF8*$!
{
	archiveVersion = 1;
	classes = {
	};
	objectVersion = 77;
	objects = {

/* Begin PBXBuildFile section */
		7322A9222F2857C700D8117D /* SSHadow.icon in Resources */ = {isa = PBXBuildFile; fileRef = 7322A9212F2857C700D8117D /* SSHadow.icon */; };
		7322A9282F294D5400D8117D /* SwiftLibSSH in Frameworks */ = {isa = PBXBuildFile; productRef = 7322A9272F294D5400D8117D /* SwiftLibSSH */; };
		7393A9C12F3134FB00213730 /* UniformTypeIdentifiers.framework in Frameworks */ = {isa = PBXBuildFile; fileRef = 7322A92E2F2957AF00D8117D /* UniformTypeIdentifiers.framework */; };
		7393A9CD2F3134FB00213730 /* SSHadowProvider.appex in Embed Foundation Extensions */ = {isa = PBXBuildFile; fileRef = 7393A9C02F3134FB00213730 /* SSHadowProvider.appex */; settings = {ATTRIBUTES = (RemoveHeadersOnCopy, ); }; };
/* End PBXBuildFile section */

/* Begin PBXContainerItemProxy section */
		7322A9172F28212400D8117D /* PBXContainerItemProxy */ = {
			isa = PBXContainerItemProxy;
			containerPortal = 733470812F22037100B8181D /* Project object */;
			proxyType = 1;
			remoteGlobalIDString = 733470882F22037100B8181D;
			remoteInfo = SSHadow;
		};
		7393A9CB2F3134FB00213730 /* PBXContainerItemProxy */ = {
			isa = PBXContainerItemProxy;
			containerPortal = 733470812F22037100B8181D /* Project object */;
			proxyType = 1;
			remoteGlobalIDString = 7393A9BF2F3134FB00213730;
			remoteInfo = SSHadowProvider;
		};
/* End PBXContainerItemProxy section */

/* Begin PBXCopyFilesBuildPhase section */
		7322A9402F2957AF00D8117D /* Embed Foundation Extensions */ = {
			isa = PBXCopyFilesBuildPhase;
			buildActionMask = 2147483647;
			dstPath = "";
			dstSubfolderSpec = 13;
			files = (
				7393A9CD2F3134FB00213730 /* SSHadowProvider.appex in Embed Foundation Extensions */,
			);
			name = "Embed Foundation Extensions";
			runOnlyForDeploymentPostprocessing = 0;
		};
/* End PBXCopyFilesBuildPhase section */

/* Begin PBXFileReference section */
		7322A9112F28212400D8117D /* SSHadowUITests.xctest */ = {isa = PBXFileReference; explicitFileType = wrapper.cfbundle; includeInIndex = 0; path = SSHadowUITests.xctest; sourceTree = BUILT_PRODUCTS_DIR; };
		7322A9212F2857C700D8117D /* SSHadow.icon */ = {isa = PBXFileReference; lastKnownFileType = folder.iconcomposer.icon; path = SSHadow.icon; sourceTree = "<group>"; };
		7322A92E2F2957AF00D8117D /* UniformTypeIdentifiers.framework */ = {isa = PBXFileReference; lastKnownFileType = wrapper.framework; name = UniformTypeIdentifiers.framework; path = System/Library/Frameworks/UniformTypeIdentifiers.framework; sourceTree = SDKROOT; };
		733470892F22037100B8181D /* SSHadow.app */ = {isa = PBXFileReference; explicitFileType = wrapper.application; includeInIndex = 0; path = SSHadow.app; sourceTree = BUILT_PRODUCTS_DIR; };
		7393A9C02F3134FB00213730 /* SSHadowProvider.appex */ = {isa = PBXFileReference; explicitFileType = "wrapper.app-extension"; includeInIndex = 0; path = SSHadowProvider.appex; sourceTree = BUILT_PRODUCTS_DIR; };
/* End PBXFileReference section */

/* Begin PBXFileSystemSynchronizedBuildFileExceptionSet section */
		7393A9D12F3134FB00213730 /* Exceptions for "SSHadowProvider" folder in "SSHadowProvider" target */ = {
			isa = PBXFileSystemSynchronizedBuildFileExceptionSet;
			membershipExceptions = (
				Info.plist,
			);
			target = 7393A9BF2F3134FB00213730 /* SSHadowProvider */;
		};
		73A54A682F2DE36A0097064D /* Exceptions for "SSHadow" folder in "SSHadow" target */ = {
			isa = PBXFileSystemSynchronizedBuildFileExceptionSet;
			membershipExceptions = (
				Info.plist,
			);
			target = 733470882F22037100B8181D /* SSHadow */;
		};
/* End PBXFileSystemSynchronizedBuildFileExceptionSet section */

/* Begin PBXFileSystemSynchronizedRootGroup section */
		7322A9122F28212400D8117D /* SSHadowUITests */ = {
			isa = PBXFileSystemSynchronizedRootGroup;
			path = SSHadowUITests;
			sourceTree = "<group>";
		};
		7334708B2F22037100B8181D /* SSHadow */ = {
			isa = PBXFileSystemSynchronizedRootGroup;
			exceptions = (
				73A54A682F2DE36A0097064D /* Exceptions for "SSHadow" folder in "SSHadow" target */,
			);
			path = SSHadow;
			sourceTree = "<group>";
		};
		7393A9C22F3134FB00213730 /* SSHadowProvider */ = {
			isa = PBXFileSystemSynchronizedRootGroup;
			exceptions = (
				7393A9D12F3134FB00213730 /* Exceptions for "SSHadowProvider" folder in "SSHadowProvider" target */,
			);
			path = SSHadowProvider;
			sourceTree = "<group>";
		};
/* End PBXFileSystemSynchronizedRootGroup section */

/* Begin PBXFrameworksBuildPhase section */
		7322A90E2F28212400D8117D /* Frameworks */ = {
			isa = PBXFrameworksBuildPhase;
			buildActionMask = 2147483647;
			files = (
			);
			runOnlyForDeploymentPostprocessing = 0;
		};
		733470862F22037100B8181D /* Frameworks */ = {
			isa = PBXFrameworksBuildPhase;
			buildActionMask = 2147483647;
			files = (
				7322A9282F294D5400D8117D /* SwiftLibSSH in Frameworks */,
			);
			runOnlyForDeploymentPostprocessing = 0;
		};
		7393A9BD2F3134FB00213730 /* Frameworks */ = {
			isa = PBXFrameworksBuildPhase;
			buildActionMask = 2147483647;
			files = (
				7393A9C12F3134FB00213730 /* UniformTypeIdentifiers.framework in Frameworks */,
			);
			runOnlyForDeploymentPostprocessing = 0;
		};
/* End PBXFrameworksBuildPhase section */

/* Begin PBXGroup section */
		733470802F22037100B8181D = {
			isa = PBXGroup;
			children = (
				7334708B2F22037100B8181D /* SSHadow */,
				7322A9122F28212400D8117D /* SSHadowUITests */,
				7393A9C22F3134FB00213730 /* SSHadowProvider */,
				7381F0C32F22B3C5005F4099 /* Frameworks */,
				7334708A2F22037100B8181D /* Products */,
				7322A9212F2857C700D8117D /* SSHadow.icon */,
			);
			sourceTree = "<group>";
		};
		7334708A2F22037100B8181D /* Products */ = {
			isa = PBXGroup;
			children = (
				733470892F22037100B8181D /* SSHadow.app */,
				7322A9112F28212400D8117D /* SSHadowUITests.xctest */,
				7393A9C02F3134FB00213730 /* SSHadowProvider.appex */,
			);
			name = Products;
			sourceTree = "<group>";
		};
		7381F0C32F22B3C5005F4099 /* Frameworks */ = {
			isa = PBXGroup;
			children = (
				7322A92E2F2957AF00D8117D /* UniformTypeIdentifiers.framework */,
			);
			name = Frameworks;
			sourceTree = "<group>";
		};
/* End PBXGroup section */

/* Begin PBXNativeTarget section */
		7322A9102F28212400D8117D /* SSHadowUITests */ = {
			isa = PBXNativeTarget;
			buildConfigurationList = 7322A9192F28212400D8117D /* Build configuration list for PBXNativeTarget "SSHadowUITests" */;
			buildPhases = (
				7322A90D2F28212400D8117D /* Sources */,
				7322A90E2F28212400D8117D /* Frameworks */,
				7322A90F2F28212400D8117D /* Resources */,
			);
			buildRules = (
			);
			dependencies = (
				7322A9182F28212400D8117D /* PBXTargetDependency */,
			);
			fileSystemSynchronizedGroups = (
				7322A9122F28212400D8117D /* SSHadowUITests */,
			);
			name = SSHadowUITests;
			packageProductDependencies = (
			);
			productName = SSHadowUITests;
			productReference = 7322A9112F28212400D8117D /* SSHadowUITests.xctest */;
			productType = "com.apple.product-type.bundle.ui-testing";
		};
		733470882F22037100B8181D /* SSHadow */ = {
			isa = PBXNativeTarget;
			buildConfigurationList = 733470942F22037100B8181D /* Build configuration list for PBXNativeTarget "SSHadow" */;
			buildPhases = (
				733470852F22037100B8181D /* Sources */,
				733470862F22037100B8181D /* Frameworks */,
				733470872F22037100B8181D /* Resources */,
				7322A9402F2957AF00D8117D /* Embed Foundation Extensions */,
			);
			buildRules = (
			);
			dependencies = (
				7393A9CC2F3134FB00213730 /* PBXTargetDependency */,
			);
			fileSystemSynchronizedGroups = (
				7334708B2F22037100B8181D /* SSHadow */,
			);
			name = SSHadow;
			packageProductDependencies = (
				7322A9272F294D5400D8117D /* SwiftLibSSH */,
			);
			productName = SSHadow;
			productReference = 733470892F22037100B8181D /* SSHadow.app */;
			productType = "com.apple.product-type.application";
		};
		7393A9BF2F3134FB00213730 /* SSHadowProvider */ = {
			isa = PBXNativeTarget;
			buildConfigurationList = 7393A9CE2F3134FB00213730 /* Build configuration list for PBXNativeTarget "SSHadowProvider" */;
			buildPhases = (
				7393A9BC2F3134FB00213730 /* Sources */,
				7393A9BD2F3134FB00213730 /* Frameworks */,
				7393A9BE2F3134FB00213730 /* Resources */,
			);
			buildRules = (
			);
			dependencies = (
			);
			fileSystemSynchronizedGroups = (
				7393A9C22F3134FB00213730 /* SSHadowProvider */,
			);
			name = SSHadowProvider;
			packageProductDependencies = (
			);
			productName = SSHadowProvider;
			productReference = 7393A9C02F3134FB00213730 /* SSHadowProvider.appex */;
			productType = "com.apple.product-type.app-extension";
		};
/* End PBXNativeTarget section */

/* Begin PBXProject section */
		733470812F22037100B8181D /* Project object */ = {
			isa = PBXProject;
			attributes = {
				BuildIndependentTargetsInParallel = 1;
				LastSwiftUpdateCheck = 2620;
				LastUpgradeCheck = 2620;
				TargetAttributes = {
					7322A9102F28212400D8117D = {
						CreatedOnToolsVersion = 26.2;
						TestTargetID = 733470882F22037100B8181D;
					};
					733470882F22037100B8181D = {
						CreatedOnToolsVersion = 26.2;
					};
					7393A9BF2F3134FB00213730 = {
						CreatedOnToolsVersion = 26.2;
					};
				};
			};
			buildConfigurationList = 733470842F22037100B8181D /* Build configuration list for PBXProject "SSHadow" */;
			developmentRegion = en;
			hasScannedForEncodings = 0;
			knownRegions = (
				en,
				Base,
			);
			mainGroup = 733470802F22037100B8181D;
			minimizedProjectReferenceProxies = 1;
			packageReferences = (
				7322A9262F294D5400D8117D /* XCRemoteSwiftPackageReference "swift-lib-ssh" */,
			);
			preferredProjectObjectVersion = 77;
			productRefGroup = 7334708A2F22037100B8181D /* Products */;
			projectDirPath = "";
			projectRoot = "";
			targets = (
				733470882F22037100B8181D /* SSHadow */,
				7322A9102F28212400D8117D /* SSHadowUITests */,
				7393A9BF2F3134FB00213730 /* SSHadowProvider */,
			);
		};
/* End PBXProject section */

/* Begin PBXResourcesBuildPhase section */
		7322A90F2F28212400D8117D /* Resources */ = {
			isa = PBXResourcesBuildPhase;
			buildActionMask = 2147483647;
			files = (
			);
			runOnlyForDeploymentPostprocessing = 0;
		};
		733470872F22037100B8181D /* Resources */ = {
			isa = PBXResourcesBuildPhase;
			buildActionMask = 2147483647;
			files = (
				7322A9222F2857C700D8117D /* SSHadow.icon in Resources */,
			);
			runOnlyForDeploymentPostprocessing = 0;
		};
		7393A9BE2F3134FB00213730 /* Resources */ = {
			isa = PBXResourcesBuildPhase;
			buildActionMask = 2147483647;
			files = (
			);
			runOnlyForDeploymentPostprocessing = 0;
		};
/* End PBXResourcesBuildPhase section */

/* Begin PBXSourcesBuildPhase section */
		7322A90D2F28212400D8117D /* Sources */ = {
			isa = PBXSourcesBuildPhase;
			buildActionMask = 2147483647;
			files = (
			);
			runOnlyForDeploymentPostprocessing = 0;
		};
		733470852F22037100B8181D /* Sources */ = {
			isa = PBXSourcesBuildPhase;
			buildActionMask = 2147483647;
			files = (
			);
			runOnlyForDeploymentPostprocessing = 0;
		};
		7393A9BC2F3134FB00213730 /* Sources */ = {
			isa = PBXSourcesBuildPhase;
			buildActionMask = 2147483647;
			files = (
			);
			runOnlyForDeploymentPostprocessing = 0;
		};
/* End PBXSourcesBuildPhase section */

/* Begin PBXTargetDependency section */
		7322A9182F28212400D8117D /* PBXTargetDependency */ = {
			isa = PBXTargetDependency;
			target = 733470882F22037100B8181D /* SSHadow */;
			targetProxy = 7322A9172F28212400D8117D /* PBXContainerItemProxy */;
		};
		7393A9CC2F3134FB00213730 /* PBXTargetDependency */ = {
			isa = PBXTargetDependency;
			target = 7393A9BF2F3134FB00213730 /* SSHadowProvider */;
			targetProxy = 7393A9CB2F3134FB00213730 /* PBXContainerItemProxy */;
		};
/* End PBXTargetDependency section */

/* Begin XCBuildConfiguration section */
		7322A91A2F28212400D8117D /* Debug */ = {
			isa = XCBuildConfiguration;
			buildSettings = {
				CODE_SIGN_STYLE = Automatic;
				CURRENT_PROJECT_VERSION = 1;
				DEVELOPMENT_TEAM = A5S59GAS97;
				GENERATE_INFOPLIST_FILE = YES;
				MARKETING_VERSION = 1.0;
				PRODUCT_BUNDLE_IDENTIFIER = com.kosolabs.SSHadowUITests;
				PRODUCT_NAME = "$(TARGET_NAME)";
				STRING_CATALOG_GENERATE_SYMBOLS = NO;
				SWIFT_APPROACHABLE_CONCURRENCY = YES;
				SWIFT_EMIT_LOC_STRINGS = NO;
				SWIFT_UPCOMING_FEATURE_MEMBER_IMPORT_VISIBILITY = YES;
				SWIFT_VERSION = 5.0;
				TEST_TARGET_NAME = SSHadow;
			};
			name = Debug;
		};
		7322A91B2F28212400D8117D /* Release */ = {
			isa = XCBuildConfiguration;
			buildSettings = {
				CODE_SIGN_STYLE = Automatic;
				CURRENT_PROJECT_VERSION = 1;
				DEVELOPMENT_TEAM = A5S59GAS97;
				GENERATE_INFOPLIST_FILE = YES;
				MARKETING_VERSION = 1.0;
				PRODUCT_BUNDLE_IDENTIFIER = com.kosolabs.SSHadowUITests;
				PRODUCT_NAME = "$(TARGET_NAME)";
				STRING_CATALOG_GENERATE_SYMBOLS = NO;
				SWIFT_APPROACHABLE_CONCURRENCY = YES;
				SWIFT_EMIT_LOC_STRINGS = NO;
				SWIFT_UPCOMING_FEATURE_MEMBER_IMPORT_VISIBILITY = YES;
				SWIFT_VERSION = 5.0;
				TEST_TARGET_NAME = SSHadow;
			};
			name = Release;
		};
		733470922F22037100B8181D /* Debug */ = {
			isa = XCBuildConfiguration;
			buildSettings = {
				ALWAYS_SEARCH_USER_PATHS = NO;
				ASSETCATALOG_COMPILER_GENERATE_SWIFT_ASSET_SYMBOL_EXTENSIONS = YES;
				CLANG_ANALYZER_NONNULL = YES;
				CLANG_ANALYZER_NUMBER_OBJECT_CONVERSION = YES_AGGRESSIVE;
				CLANG_CXX_LANGUAGE_STANDARD = "gnu++20";
				CLANG_ENABLE_MODULES = YES;
				CLANG_ENABLE_OBJC_ARC = YES;
				CLANG_ENABLE_OBJC_WEAK = YES;
				CLANG_WARN_BLOCK_CAPTURE_AUTORELEASING = YES;
				CLANG_WARN_BOOL_CONVERSION = YES;
				CLANG_WARN_COMMA = YES;
				CLANG_WARN_CONSTANT_CONVERSION = YES;
				CLANG_WARN_DEPRECATED_OBJC_IMPLEMENTATIONS = YES;
				CLANG_WARN_DIRECT_OBJC_ISA_USAGE = YES_ERROR;
				CLANG_WARN_DOCUMENTATION_COMMENTS = YES;
				CLANG_WARN_EMPTY_BODY = YES;
				CLANG_WARN_ENUM_CONVERSION = YES;
				CLANG_WARN_INFINITE_RECURSION = YES;
				CLANG_WARN_INT_CONVERSION = YES;
				CLANG_WARN_NON_LITERAL_NULL_CONVERSION = YES;
				CLANG_WARN_OBJC_IMPLICIT_RETAIN_SELF = YES;
				CLANG_WARN_OBJC_LITERAL_CONVERSION = YES;
				CLANG_WARN_OBJC_ROOT_CLASS = YES_ERROR;
				CLANG_WARN_QUOTED_INCLUDE_IN_FRAMEWORK_HEADER = YES;
				CLANG_WARN_RANGE_LOOP_ANALYSIS = YES;
				CLANG_WARN_STRICT_PROTOTYPES = YES;
				CLANG_WARN_SUSPICIOUS_MOVE = YES;
				CLANG_WARN_UNGUARDED_AVAILABILITY = YES_AGGRESSIVE;
				CLANG_WARN_UNREACHABLE_CODE = YES;
				CLANG_WARN__DUPLICATE_METHOD_MATCH = YES;
				COPY_PHASE_STRIP = NO;
				DEBUG_INFORMATION_FORMAT = dwarf;
				ENABLE_STRICT_OBJC_MSGSEND = YES;
				ENABLE_TESTABILITY = YES;
				ENABLE_USER_SCRIPT_SANDBOXING = YES;
				GCC_C_LANGUAGE_STANDARD = gnu17;
				GCC_DYNAMIC_NO_PIC = NO;
				GCC_NO_COMMON_BLOCKS = YES;
				GCC_OPTIMIZATION_LEVEL = 0;
				GCC_PREPROCESSOR_DEFINITIONS = (
					"DEBUG=1",
					"$(inherited)",
				);
				GCC_WARN_64_TO_32_BIT_CONVERSION = YES;
				GCC_WARN_ABOUT_RETURN_TYPE = YES_ERROR;
				GCC_WARN_UNDECLARED_SELECTOR = YES;
				GCC_WARN_UNINITIALIZED_AUTOS = YES_AGGRESSIVE;
				GCC_WARN_UNUSED_FUNCTION = YES;
				GCC_WARN_UNUSED_VARIABLE = YES;
				LOCALIZATION_PREFERS_STRING_CATALOGS = YES;
				MACOSX_DEPLOYMENT_TARGET = 26.2;
				MTL_ENABLE_DEBUG_INFO = INCLUDE_SOURCE;
				MTL_FAST_MATH = YES;
				ONLY_ACTIVE_ARCH = YES;
				SDKROOT = macosx;
				SWIFT_ACTIVE_COMPILATION_CONDITIONS = "DEBUG $(inherited)";
				SWIFT_OPTIMIZATION_LEVEL = "-Onone";
			};
			name = Debug;
		};
		733470932F22037100B8181D /* Release */ = {
			isa = XCBuildConfiguration;
			buildSettings = {
				ALWAYS_SEARCH_USER_PATHS = NO;
				ASSETCATALOG_COMPILER_GENERATE_SWIFT_ASSET_SYMBOL_EXTENSIONS = YES;
				CLANG_ANALYZER_NONNULL = YES;
				CLANG_ANALYZER_NUMBER_OBJECT_CONVERSION = YES_AGGRESSIVE;
				CLANG_CXX_LANGUAGE_STANDARD = "gnu++20";
				CLANG_ENABLE_MODULES = YES;
				CLANG_ENABLE_OBJC_ARC = YES;
				CLANG_ENABLE_OBJC_WEAK = YES;
				CLANG_WARN_BLOCK_CAPTURE_AUTORELEASING = YES;
				CLANG_WARN_BOOL_CONVERSION = YES;
				CLANG_WARN_COMMA = YES;
				CLANG_WARN_CONSTANT_CONVERSION = YES;
				CLANG_WARN_DEPRECATED_OBJC_IMPLEMENTATIONS = YES;
				CLANG_WARN_DIRECT_OBJC_ISA_USAGE = YES_ERROR;
				CLANG_WARN_DOCUMENTATION_COMMENTS = YES;
				CLANG_WARN_EMPTY_BODY = YES;
				CLANG_WARN_ENUM_CONVERSION = YES;
				CLANG_WARN_INFINITE_RECURSION = YES;
				CLANG_WARN_INT_CONVERSION = YES;
				CLANG_WARN_NON_LITERAL_NULL_CONVERSION = YES;
				CLANG_WARN_OBJC_IMPLICIT_RETAIN_SELF = YES;
				CLANG_WARN_OBJC_LITERAL_CONVERSION = YES;
				CLANG_WARN_OBJC_ROOT_CLASS = YES_ERROR;
				CLANG_WARN_QUOTED_INCLUDE_IN_FRAMEWORK_HEADER = YES;
				CLANG_WARN_RANGE_LOOP_ANALYSIS = YES;
				CLANG_WARN_STRICT_PROTOTYPES = YES;
				CLANG_WARN_SUSPICIOUS_MOVE = YES;
				CLANG_WARN_UNGUARDED_AVAILABILITY = YES_AGGRESSIVE;
				CLANG_WARN_UNREACHABLE_CODE = YES;
				CLANG_WARN__DUPLICATE_METHOD_MATCH = YES;
				COPY_PHASE_STRIP = NO;
				DEBUG_INFORMATION_FORMAT = "dwarf-with-dsym";
				ENABLE_NS_ASSERTIONS = NO;
				ENABLE_STRICT_OBJC_MSGSEND = YES;
				ENABLE_USER_SCRIPT_SANDBOXING = YES;
				GCC_C_LANGUAGE_STANDARD = gnu17;
				GCC_NO_COMMON_BLOCKS = YES;
				GCC_WARN_64_TO_32_BIT_CONVERSION = YES;
				GCC_WARN_ABOUT_RETURN_TYPE = YES_ERROR;
				GCC_WARN_UNDECLARED_SELECTOR = YES;
				GCC_WARN_UNINITIALIZED_AUTOS = YES_AGGRESSIVE;
				GCC_WARN_UNUSED_FUNCTION = YES;
				GCC_WARN_UNUSED_VARIABLE = YES;
				LOCALIZATION_PREFERS_STRING_CATALOGS = YES;
				MACOSX_DEPLOYMENT_TARGET = 26.2;
				MTL_ENABLE_DEBUG_INFO = NO;
				MTL_FAST_MATH = YES;
				SDKROOT = macosx;
				SWIFT_COMPILATION_MODE = wholemodule;
			};
			name = Release;
		};
		733470952F22037100B8181D /* Debug */ = {
			isa = XCBuildConfiguration;
			buildSettings = {
				ASSETCATALOG_COMPILER_APPICON_NAME = SSHadow;
				ASSETCATALOG_COMPILER_GLOBAL_ACCENT_COLOR_NAME = AccentColor;
				ASSETCATALOG_COMPILER_INCLUDE_ALL_APPICON_ASSETS = NO;
				AUTOMATION_APPLE_EVENTS = NO;
				CODE_SIGN_ENTITLEMENTS = SSHadow/SSHadow.entitlements;
				"CODE_SIGN_IDENTITY[sdk=macosx*]" = "Apple Development";
				CODE_SIGN_STYLE = Automatic;
				COMBINE_HIDPI_IMAGES = YES;
				CURRENT_PROJECT_VERSION = 1;
				DEVELOPMENT_TEAM = A5S59GAS97;
				ENABLE_APP_SANDBOX = YES;
				ENABLE_HARDENED_RUNTIME = YES;
				ENABLE_INCOMING_NETWORK_CONNECTIONS = NO;
				ENABLE_OUTGOING_NETWORK_CONNECTIONS = YES;
				ENABLE_PREVIEWS = YES;
				ENABLE_RESOURCE_ACCESS_AUDIO_INPUT = NO;
				ENABLE_RESOURCE_ACCESS_BLUETOOTH = NO;
				ENABLE_RESOURCE_ACCESS_CALENDARS = NO;
				ENABLE_RESOURCE_ACCESS_CAMERA = NO;
				ENABLE_RESOURCE_ACCESS_CONTACTS = NO;
				ENABLE_RESOURCE_ACCESS_LOCATION = NO;
				ENABLE_RESOURCE_ACCESS_PHOTO_LIBRARY = NO;
				ENABLE_RESOURCE_ACCESS_PRINTING = NO;
				ENABLE_RESOURCE_ACCESS_USB = NO;
				ENABLE_USER_SELECTED_FILES = readonly;
				GENERATE_INFOPLIST_FILE = YES;
				INFOPLIST_FILE = SSHadow/Info.plist;
				INFOPLIST_KEY_LSApplicationCategoryType = "public.app-category.utilities";
				INFOPLIST_KEY_NSHumanReadableCopyright = "";
				LD_RUNPATH_SEARCH_PATHS = (
					"$(inherited)",
					"@executable_path/../Frameworks",
				);
				MARKETING_VERSION = 1.0;
				PRODUCT_BUNDLE_IDENTIFIER = com.kosolabs.SSHadow;
				PRODUCT_NAME = "$(TARGET_NAME)";
				REGISTER_APP_GROUPS = YES;
				RUNTIME_EXCEPTION_ALLOW_DYLD_ENVIRONMENT_VARIABLES = NO;
				RUNTIME_EXCEPTION_ALLOW_JIT = NO;
				RUNTIME_EXCEPTION_ALLOW_UNSIGNED_EXECUTABLE_MEMORY = NO;
				RUNTIME_EXCEPTION_DEBUGGING_TOOL = NO;
				RUNTIME_EXCEPTION_DISABLE_EXECUTABLE_PAGE_PROTECTION = NO;
				RUNTIME_EXCEPTION_DISABLE_LIBRARY_VALIDATION = NO;
				STRING_CATALOG_GENERATE_SYMBOLS = YES;
				SWIFT_APPROACHABLE_CONCURRENCY = YES;
				SWIFT_DEFAULT_ACTOR_ISOLATION = MainActor;
				SWIFT_EMIT_LOC_STRINGS = YES;
				SWIFT_UPCOMING_FEATURE_MEMBER_IMPORT_VISIBILITY = YES;
				SWIFT_VERSION = 5.0;
			};
			name = Debug;
		};
		733470962F22037100B8181D /* Release */ = {
			isa = XCBuildConfiguration;
			buildSettings = {
				ASSETCATALOG_COMPILER_APPICON_NAME = SSHadow;
				ASSETCATALOG_COMPILER_GLOBAL_ACCENT_COLOR_NAME = AccentColor;
				ASSETCATALOG_COMPILER_INCLUDE_ALL_APPICON_ASSETS = NO;
				AUTOMATION_APPLE_EVENTS = NO;
				CODE_SIGN_ENTITLEMENTS = SSHadow/SSHadow.entitlements;
				"CODE_SIGN_IDENTITY[sdk=macosx*]" = "Apple Development";
				CODE_SIGN_STYLE = Automatic;
				COMBINE_HIDPI_IMAGES = YES;
				CURRENT_PROJECT_VERSION = 1;
				DEVELOPMENT_TEAM = A5S59GAS97;
				ENABLE_APP_SANDBOX = YES;
				ENABLE_HARDENED_RUNTIME = YES;
				ENABLE_INCOMING_NETWORK_CONNECTIONS = NO;
				ENABLE_OUTGOING_NETWORK_CONNECTIONS = YES;
				ENABLE_PREVIEWS = YES;
				ENABLE_RESOURCE_ACCESS_AUDIO_INPUT = NO;
				ENABLE_RESOURCE_ACCESS_BLUETOOTH = NO;
				ENABLE_RESOURCE_ACCESS_CALENDARS = NO;
				ENABLE_RESOURCE_ACCESS_CAMERA = NO;
				ENABLE_RESOURCE_ACCESS_CONTACTS = NO;
				ENABLE_RESOURCE_ACCESS_LOCATION = NO;
				ENABLE_RESOURCE_ACCESS_PHOTO_LIBRARY = NO;
				ENABLE_RESOURCE_ACCESS_PRINTING = NO;
				ENABLE_RESOURCE_ACCESS_USB = NO;
				ENABLE_USER_SELECTED_FILES = readonly;
				GENERATE_INFOPLIST_FILE = YES;
				INFOPLIST_FILE = SSHadow/Info.plist;
				INFOPLIST_KEY_LSApplicationCategoryType = "public.app-category.utilities";
				INFOPLIST_KEY_NSHumanReadableCopyright = "";
				LD_RUNPATH_SEARCH_PATHS = (
					"$(inherited)",
					"@executable_path/../Frameworks",
				);
				MARKETING_VERSION = 1.0;
				PRODUCT_BUNDLE_IDENTIFIER = com.kosolabs.SSHadow;
				PRODUCT_NAME = "$(TARGET_NAME)";
				REGISTER_APP_GROUPS = YES;
				RUNTIME_EXCEPTION_ALLOW_DYLD_ENVIRONMENT_VARIABLES = NO;
				RUNTIME_EXCEPTION_ALLOW_JIT = NO;
				RUNTIME_EXCEPTION_ALLOW_UNSIGNED_EXECUTABLE_MEMORY = NO;
				RUNTIME_EXCEPTION_DEBUGGING_TOOL = NO;
				RUNTIME_EXCEPTION_DISABLE_EXECUTABLE_PAGE_PROTECTION = NO;
				RUNTIME_EXCEPTION_DISABLE_LIBRARY_VALIDATION = NO;
				STRING_CATALOG_GENERATE_SYMBOLS = YES;
				SWIFT_APPROACHABLE_CONCURRENCY = YES;
				SWIFT_DEFAULT_ACTOR_ISOLATION = MainActor;
				SWIFT_EMIT_LOC_STRINGS = YES;
				SWIFT_UPCOMING_FEATURE_MEMBER_IMPORT_VISIBILITY = YES;
				SWIFT_VERSION = 5.0;
			};
			name = Release;
		};
		7393A9CF2F3134FB00213730 /* Debug */ = {
			isa = XCBuildConfiguration;
			buildSettings = {
				CODE_SIGN_ENTITLEMENTS = SSHadowProvider/SSHadowProvider.entitlements;
				CODE_SIGN_STYLE = Automatic;
				CURRENT_PROJECT_VERSION = 1;
				DEVELOPMENT_TEAM = A5S59GAS97;
				ENABLE_APP_SANDBOX = YES;
				ENABLE_HARDENED_RUNTIME = YES;
				GENERATE_INFOPLIST_FILE = YES;
				INFOPLIST_FILE = SSHadowProvider/Info.plist;
				INFOPLIST_KEY_CFBundleDisplayName = SSHadowProvider;
				INFOPLIST_KEY_NSHumanReadableCopyright = "";
				LD_RUNPATH_SEARCH_PATHS = (
					"$(inherited)",
					"@executable_path/../Frameworks",
					"@executable_path/../../../../Frameworks",
				);
				MARKETING_VERSION = 1.0;
				PRODUCT_BUNDLE_IDENTIFIER = com.kosolabs.SSHadow.SSHadowProvider;
				PRODUCT_NAME = "$(TARGET_NAME)";
				SKIP_INSTALL = YES;
				STRING_CATALOG_GENERATE_SYMBOLS = YES;
				SWIFT_APPROACHABLE_CONCURRENCY = YES;
				SWIFT_EMIT_LOC_STRINGS = YES;
				SWIFT_UPCOMING_FEATURE_MEMBER_IMPORT_VISIBILITY = YES;
				SWIFT_VERSION = 5.0;
			};
			name = Debug;
		};
		7393A9D02F3134FB00213730 /* Release */ = {
			isa = XCBuildConfiguration;
			buildSettings = {
				CODE_SIGN_ENTITLEMENTS = SSHadowProvider/SSHadowProvider.entitlements;
				CODE_SIGN_STYLE = Automatic;
				CURRENT_PROJECT_VERSION = 1;
				DEVELOPMENT_TEAM = A5S59GAS97;
				ENABLE_APP_SANDBOX = YES;
				ENABLE_HARDENED_RUNTIME = YES;
				GENERATE_INFOPLIST_FILE = YES;
				INFOPLIST_FILE = SSHadowProvider/Info.plist;
				INFOPLIST_KEY_CFBundleDisplayName = SSHadowProvider;
				INFOPLIST_KEY_NSHumanReadableCopyright = "";
				LD_RUNPATH_SEARCH_PATHS = (
					"$(inherited)",
					"@executable_path/../Frameworks",
					"@executable_path/../../../../Frameworks",
				);
				MARKETING_VERSION = 1.0;
				PRODUCT_BUNDLE_IDENTIFIER = com.kosolabs.SSHadow.SSHadowProvider;
				PRODUCT_NAME = "$(TARGET_NAME)";
				SKIP_INSTALL = YES;
				STRING_CATALOG_GENERATE_SYMBOLS = YES;
				SWIFT_APPROACHABLE_CONCURRENCY = YES;
				SWIFT_EMIT_LOC_STRINGS = YES;
				SWIFT_UPCOMING_FEATURE_MEMBER_IMPORT_VISIBILITY = YES;
				SWIFT_VERSION = 5.0;
			};
			name = Release;
		};
/* End XCBuildConfiguration section */

/* Begin XCConfigurationList section */
		7322A9192F28212400D8117D /* Build configuration list for PBXNativeTarget "SSHadowUITests" */ = {
			isa = XCConfigurationList;
			buildConfigurations = (
				7322A91A2F28212400D8117D /* Debug */,
				7322A91B2F28212400D8117D /* Release */,
			);
			defaultConfigurationIsVisible = 0;
			defaultConfigurationName = Release;
		};
		733470842F22037100B8181D /* Build configuration list for PBXProject "SSHadow" */ = {
			isa = XCConfigurationList;
			buildConfigurations = (
				733470922F22037100B8181D /* Debug */,
				733470932F22037100B8181D /* Release */,
			);
			defaultConfigurationIsVisible = 0;
			defaultConfigurationName = Release;
		};
		733470942F22037100B8181D /* Build configuration list for PBXNativeTarget "SSHadow" */ = {
			isa = XCConfigurationList;
			buildConfigurations = (
				733470952F22037100B8181D /* Debug */,
				733470962F22037100B8181D /* Release */,
			);
			defaultConfigurationIsVisible = 0;
			defaultConfigurationName = Release;
		};
		7393A9CE2F3134FB00213730 /* Build configuration list for PBXNativeTarget "SSHadowProvider" */ = {
			isa = XCConfigurationList;
			buildConfigurations = (
				7393A9CF2F3134FB00213730 /* Debug */,
				7393A9D02F3134FB00213730 /* Release */,
			);
			defaultConfigurationIsVisible = 0;
			defaultConfigurationName = Release;
		};
/* End XCConfigurationList section */

/* Begin XCRemoteSwiftPackageReference section */
		7322A9262F294D5400D8117D /* XCRemoteSwiftPackageReference "swift-lib-ssh" */ = {
			isa = XCRemoteSwiftPackageReference;
			repositoryURL = "https://github.com/kosolabs/swift-lib-ssh.git";
			requirement = {
				branch = main;
				kind = branch;
			};
		};
/* End XCRemoteSwiftPackageReference section */

/* Begin XCSwiftPackageProductDependency section */
		7322A9272F294D5400D8117D /* SwiftLibSSH */ = {
			isa = XCSwiftPackageProductDependency;
			package = 7322A9262F294D5400D8117D /* XCRemoteSwiftPackageReference "swift-lib-ssh" */;
			productName = SwiftLibSSH;
		};
/* End XCSwiftPackageProductDependency section */
	};
	rootObject = 733470812F22037100B8181D /* Project object */;
}
