// !$*UTF8*$!
{
	archiveVersion = 1;
	classes = {
	};
	objectVersion = 77;
	objects = {

/* Begin PBXBuildFile section */
		7309810A2F318825009F7AA2 /* Common.framework in Frameworks */ = {isa = PBXBuildFile; fileRef = 730980FF2F318825009F7AA2 /* Common.framework */; };
		730981142F318825009F7AA2 /* Common.framework in Frameworks */ = {isa = PBXBuildFile; fileRef = 730980FF2F318825009F7AA2 /* Common.framework */; };
		730981152F318825009F7AA2 /* Common.framework in Embed Frameworks */ = {isa = PBXBuildFile; fileRef = 730980FF2F318825009F7AA2 /* Common.framework */; settings = {ATTRIBUTES = (CodeSignOnCopy, RemoveHeadersOnCopy, ); }; };
		7309811F2F3188DA009F7AA2 /* Common.framework in Frameworks */ = {isa = PBXBuildFile; fileRef = 730980FF2F318825009F7AA2 /* Common.framework */; };
		730981202F3188DA009F7AA2 /* Common.framework in Embed Frameworks */ = {isa = PBXBuildFile; fileRef = 730980FF2F318825009F7AA2 /* Common.framework */; settings = {ATTRIBUTES = (CodeSignOnCopy, RemoveHeadersOnCopy, ); }; };
		7322A9222F2857C700D8117D /* SSHadow.icon in Resources */ = {isa = PBXBuildFile; fileRef = 7322A9212F2857C700D8117D /* SSHadow.icon */; };
		7322A9282F294D5400D8117D /* SwiftLibSSH in Frameworks */ = {isa = PBXBuildFile; productRef = 7322A9272F294D5400D8117D /* SwiftLibSSH */; };
		7369DF3F2F45513300F709F8 /* UnitTests.xctestplan in Resources */ = {isa = PBXBuildFile; fileRef = 7369DF3E2F45513300F709F8 /* UnitTests.xctestplan */; };
		737720C92FBD039600FC5390 /* OrderedCollections in Frameworks */ = {isa = PBXBuildFile; productRef = 737720C82FBD039600FC5390 /* OrderedCollections */; };
		73799A492F9811DD00A15109 /* CoreKit.framework in Frameworks */ = {isa = PBXBuildFile; fileRef = 73799A3E2F9811DD00A15109 /* CoreKit.framework */; };
		73799A532F9811DD00A15109 /* CoreKit.framework in Frameworks */ = {isa = PBXBuildFile; fileRef = 73799A3E2F9811DD00A15109 /* CoreKit.framework */; };
		73799A542F9811DD00A15109 /* CoreKit.framework in Embed Frameworks */ = {isa = PBXBuildFile; fileRef = 73799A3E2F9811DD00A15109 /* CoreKit.framework */; settings = {ATTRIBUTES = (CodeSignOnCopy, RemoveHeadersOnCopy, ); }; };
		73799A642F98129E00A15109 /* Common.framework in Frameworks */ = {isa = PBXBuildFile; fileRef = 730980FF2F318825009F7AA2 /* Common.framework */; };
		73799A652F98129E00A15109 /* Common.framework in Embed Frameworks */ = {isa = PBXBuildFile; fileRef = 730980FF2F318825009F7AA2 /* Common.framework */; settings = {ATTRIBUTES = (CodeSignOnCopy, RemoveHeadersOnCopy, ); }; };
		73799A6A2F9812A200A15109 /* SwiftLibSSH in Frameworks */ = {isa = PBXBuildFile; productRef = 73799A692F9812A200A15109 /* SwiftLibSSH */; };
		73799A6C2F9812D100A15109 /* SwiftLibSSH in Frameworks */ = {isa = PBXBuildFile; productRef = 73799A6B2F9812D100A15109 /* SwiftLibSSH */; };
		7386D8862F3FDB59004DF22F /* ExtensionKit.framework in Frameworks */ = {isa = PBXBuildFile; fileRef = 738D63A22F3FD1F100FED311 /* ExtensionKit.framework */; };
		7386D8872F3FDB59004DF22F /* ExtensionKit.framework in Embed Frameworks */ = {isa = PBXBuildFile; fileRef = 738D63A22F3FD1F100FED311 /* ExtensionKit.framework */; settings = {ATTRIBUTES = (CodeSignOnCopy, RemoveHeadersOnCopy, ); }; };
		738C97B92FDA03CC007EC380 /* SwiftLibSSH in Frameworks */ = {isa = PBXBuildFile; productRef = 738C97B82FDA03CC007EC380 /* SwiftLibSSH */; };
		738C97BB2FDA03D2007EC380 /* SwiftLibSSH in Frameworks */ = {isa = PBXBuildFile; productRef = 738C97BA2FDA03D2007EC380 /* SwiftLibSSH */; };
		738D63AD2F3FD1F100FED311 /* ExtensionKit.framework in Frameworks */ = {isa = PBXBuildFile; fileRef = 738D63A22F3FD1F100FED311 /* ExtensionKit.framework */; };
		738D63B72F3FD1F100FED311 /* ExtensionKit.framework in Frameworks */ = {isa = PBXBuildFile; fileRef = 738D63A22F3FD1F100FED311 /* ExtensionKit.framework */; };
		738D63B82F3FD1F100FED311 /* ExtensionKit.framework in Embed Frameworks */ = {isa = PBXBuildFile; fileRef = 738D63A22F3FD1F100FED311 /* ExtensionKit.framework */; settings = {ATTRIBUTES = (CodeSignOnCopy, RemoveHeadersOnCopy, ); }; };
		738D63F12F3FD43300FED311 /* Common.framework in Frameworks */ = {isa = PBXBuildFile; fileRef = 730980FF2F318825009F7AA2 /* Common.framework */; };
		738D63F22F3FD43300FED311 /* Common.framework in Embed Frameworks */ = {isa = PBXBuildFile; fileRef = 730980FF2F318825009F7AA2 /* Common.framework */; settings = {ATTRIBUTES = (CodeSignOnCopy, RemoveHeadersOnCopy, ); }; };
		7393A9CD2F3134FB00213730 /* Extension.appex in Embed Foundation Extensions */ = {isa = PBXBuildFile; fileRef = 7393A9C02F3134FB00213730 /* Extension.appex */; settings = {ATTRIBUTES = (RemoveHeadersOnCopy, ); }; };
/* End PBXBuildFile section */

/* Begin PBXContainerItemProxy section */
		7309810B2F318825009F7AA2 /* PBXContainerItemProxy */ = {
			isa = PBXContainerItemProxy;
			containerPortal = 733470812F22037100B8181D /* Project object */;
			proxyType = 1;
			remoteGlobalIDString = 730980FE2F318825009F7AA2;
			remoteInfo = SSHadowShared;
		};
		7309810D2F318825009F7AA2 /* PBXContainerItemProxy */ = {
			isa = PBXContainerItemProxy;
			containerPortal = 733470812F22037100B8181D /* Project object */;
			proxyType = 1;
			remoteGlobalIDString = 733470882F22037100B8181D;
			remoteInfo = SSHadow;
		};
		730981122F318825009F7AA2 /* PBXContainerItemProxy */ = {
			isa = PBXContainerItemProxy;
			containerPortal = 733470812F22037100B8181D /* Project object */;
			proxyType = 1;
			remoteGlobalIDString = 730980FE2F318825009F7AA2;
			remoteInfo = SSHadowShared;
		};
		730981212F3188DA009F7AA2 /* PBXContainerItemProxy */ = {
			isa = PBXContainerItemProxy;
			containerPortal = 733470812F22037100B8181D /* Project object */;
			proxyType = 1;
			remoteGlobalIDString = 730980FE2F318825009F7AA2;
			remoteInfo = SSHadowShared;
		};
		7322A9172F28212400D8117D /* PBXContainerItemProxy */ = {
			isa = PBXContainerItemProxy;
			containerPortal = 733470812F22037100B8181D /* Project object */;
			proxyType = 1;
			remoteGlobalIDString = 733470882F22037100B8181D;
			remoteInfo = SSHadow;
		};
		73799A4A2F9811DD00A15109 /* PBXContainerItemProxy */ = {
			isa = PBXContainerItemProxy;
			containerPortal = 733470812F22037100B8181D /* Project object */;
			proxyType = 1;
			remoteGlobalIDString = 73799A3D2F9811DD00A15109;
			remoteInfo = CoreKit;
		};
		73799A4C2F9811DD00A15109 /* PBXContainerItemProxy */ = {
			isa = PBXContainerItemProxy;
			containerPortal = 733470812F22037100B8181D /* Project object */;
			proxyType = 1;
			remoteGlobalIDString = 733470882F22037100B8181D;
			remoteInfo = SSHadow;
		};
		73799A512F9811DD00A15109 /* PBXContainerItemProxy */ = {
			isa = PBXContainerItemProxy;
			containerPortal = 733470812F22037100B8181D /* Project object */;
			proxyType = 1;
			remoteGlobalIDString = 73799A3D2F9811DD00A15109;
			remoteInfo = CoreKit;
		};
		73799A662F98129E00A15109 /* PBXContainerItemProxy */ = {
			isa = PBXContainerItemProxy;
			containerPortal = 733470812F22037100B8181D /* Project object */;
			proxyType = 1;
			remoteGlobalIDString = 730980FE2F318825009F7AA2;
			remoteInfo = Common;
		};
		7386D8882F3FDB59004DF22F /* PBXContainerItemProxy */ = {
			isa = PBXContainerItemProxy;
			containerPortal = 733470812F22037100B8181D /* Project object */;
			proxyType = 1;
			remoteGlobalIDString = 738D63A12F3FD1F100FED311;
			remoteInfo = Extension;
		};
		738D63AE2F3FD1F100FED311 /* PBXContainerItemProxy */ = {
			isa = PBXContainerItemProxy;
			containerPortal = 733470812F22037100B8181D /* Project object */;
			proxyType = 1;
			remoteGlobalIDString = 738D63A12F3FD1F100FED311;
			remoteInfo = SSHadowExtension;
		};
		738D63B02F3FD1F100FED311 /* PBXContainerItemProxy */ = {
			isa = PBXContainerItemProxy;
			containerPortal = 733470812F22037100B8181D /* Project object */;
			proxyType = 1;
			remoteGlobalIDString = 733470882F22037100B8181D;
			remoteInfo = SSHadow;
		};
		738D63B52F3FD1F100FED311 /* PBXContainerItemProxy */ = {
			isa = PBXContainerItemProxy;
			containerPortal = 733470812F22037100B8181D /* Project object */;
			proxyType = 1;
			remoteGlobalIDString = 738D63A12F3FD1F100FED311;
			remoteInfo = SSHadowExtension;
		};
		738D63F32F3FD43300FED311 /* PBXContainerItemProxy */ = {
			isa = PBXContainerItemProxy;
			containerPortal = 733470812F22037100B8181D /* Project object */;
			proxyType = 1;
			remoteGlobalIDString = 730980FE2F318825009F7AA2;
			remoteInfo = SSHadowShared;
		};
		7393A9CB2F3134FB00213730 /* PBXContainerItemProxy */ = {
			isa = PBXContainerItemProxy;
			containerPortal = 733470812F22037100B8181D /* Project object */;
			proxyType = 1;
			remoteGlobalIDString = 7393A9BF2F3134FB00213730;
			remoteInfo = SSHadowProvider;
		};
/* End PBXContainerItemProxy section */

/* Begin PBXCopyFilesBuildPhase section */
		730981192F318825009F7AA2 /* Embed Frameworks */ = {
			isa = PBXCopyFilesBuildPhase;
			buildActionMask = 2147483647;
			dstPath = "";
			dstSubfolderSpec = 10;
			files = (
				738D63B82F3FD1F100FED311 /* ExtensionKit.framework in Embed Frameworks */,
				730981152F318825009F7AA2 /* Common.framework in Embed Frameworks */,
				73799A542F9811DD00A15109 /* CoreKit.framework in Embed Frameworks */,
			);
			name = "Embed Frameworks";
			runOnlyForDeploymentPostprocessing = 0;
		};
		730981232F3188DA009F7AA2 /* Embed Frameworks */ = {
			isa = PBXCopyFilesBuildPhase;
			buildActionMask = 2147483647;
			dstPath = "";
			dstSubfolderSpec = 10;
			files = (
				7386D8872F3FDB59004DF22F /* ExtensionKit.framework in Embed Frameworks */,
				730981202F3188DA009F7AA2 /* Common.framework in Embed Frameworks */,
			);
			name = "Embed Frameworks";
			runOnlyForDeploymentPostprocessing = 0;
		};
		7322A9402F2957AF00D8117D /* Embed Foundation Extensions */ = {
			isa = PBXCopyFilesBuildPhase;
			buildActionMask = 2147483647;
			dstPath = "";
			dstSubfolderSpec = 13;
			files = (
				7393A9CD2F3134FB00213730 /* Extension.appex in Embed Foundation Extensions */,
			);
			name = "Embed Foundation Extensions";
			runOnlyForDeploymentPostprocessing = 0;
		};
		7332E8E82F92C30D00C8A14C /* Embed XPC Services */ = {
			isa = PBXCopyFilesBuildPhase;
			buildActionMask = 2147483647;
			dstPath = "$(CONTENTS_FOLDER_PATH)/XPCServices";
			dstSubfolderSpec = 16;
			files = (
			);
			name = "Embed XPC Services";
			runOnlyForDeploymentPostprocessing = 0;
		};
		73799A682F98129E00A15109 /* Embed Frameworks */ = {
			isa = PBXCopyFilesBuildPhase;
			buildActionMask = 2147483647;
			dstPath = "";
			dstSubfolderSpec = 10;
			files = (
				73799A652F98129E00A15109 /* Common.framework in Embed Frameworks */,
			);
			name = "Embed Frameworks";
			runOnlyForDeploymentPostprocessing = 0;
		};
		738D63F52F3FD43300FED311 /* Embed Frameworks */ = {
			isa = PBXCopyFilesBuildPhase;
			buildActionMask = 2147483647;
			dstPath = "";
			dstSubfolderSpec = 10;
			files = (
				738D63F22F3FD43300FED311 /* Common.framework in Embed Frameworks */,
			);
			name = "Embed Frameworks";
			runOnlyForDeploymentPostprocessing = 0;
		};
/* End PBXCopyFilesBuildPhase section */

/* Begin PBXFileReference section */
		730980FF2F318825009F7AA2 /* Common.framework */ = {isa = PBXFileReference; explicitFileType = wrapper.framework; includeInIndex = 0; path = Common.framework; sourceTree = BUILT_PRODUCTS_DIR; };
		730981092F318825009F7AA2 /* CommonTests.xctest */ = {isa = PBXFileReference; explicitFileType = wrapper.cfbundle; includeInIndex = 0; path = CommonTests.xctest; sourceTree = BUILT_PRODUCTS_DIR; };
		7322A9112F28212400D8117D /* UITests.xctest */ = {isa = PBXFileReference; explicitFileType = wrapper.cfbundle; includeInIndex = 0; path = UITests.xctest; sourceTree = BUILT_PRODUCTS_DIR; };
		7322A9212F2857C700D8117D /* SSHadow.icon */ = {isa = PBXFileReference; lastKnownFileType = folder.iconcomposer.icon; path = SSHadow.icon; sourceTree = "<group>"; };
		7322A92E2F2957AF00D8117D /* UniformTypeIdentifiers.framework */ = {isa = PBXFileReference; lastKnownFileType = wrapper.framework; name = UniformTypeIdentifiers.framework; path = System/Library/Frameworks/UniformTypeIdentifiers.framework; sourceTree = SDKROOT; };
		733470892F22037100B8181D /* SSHadow.app */ = {isa = PBXFileReference; explicitFileType = wrapper.application; includeInIndex = 0; path = SSHadow.app; sourceTree = BUILT_PRODUCTS_DIR; };
		7369DF3E2F45513300F709F8 /* UnitTests.xctestplan */ = {isa = PBXFileReference; lastKnownFileType = text; path = UnitTests.xctestplan; sourceTree = "<group>"; };
		73781BC9300029A600EEA1F4 /* logfilter.jq */ = {isa = PBXFileReference; lastKnownFileType = text; path = logfilter.jq; sourceTree = "<group>"; };
		73799A3E2F9811DD00A15109 /* CoreKit.framework */ = {isa = PBXFileReference; explicitFileType = wrapper.framework; includeInIndex = 0; path = CoreKit.framework; sourceTree = BUILT_PRODUCTS_DIR; };
		73799A482F9811DD00A15109 /* CoreKitTests.xctest */ = {isa = PBXFileReference; explicitFileType = wrapper.cfbundle; includeInIndex = 0; path = CoreKitTests.xctest; sourceTree = BUILT_PRODUCTS_DIR; };
		738D63A22F3FD1F100FED311 /* ExtensionKit.framework */ = {isa = PBXFileReference; explicitFileType = wrapper.framework; includeInIndex = 0; path = ExtensionKit.framework; sourceTree = BUILT_PRODUCTS_DIR; };
		738D63AC2F3FD1F100FED311 /* ExtensionKitTests.xctest */ = {isa = PBXFileReference; explicitFileType = wrapper.cfbundle; includeInIndex = 0; path = ExtensionKitTests.xctest; sourceTree = BUILT_PRODUCTS_DIR; };
		7393A9C02F3134FB00213730 /* Extension.appex */ = {isa = PBXFileReference; explicitFileType = "wrapper.app-extension"; includeInIndex = 0; path = Extension.appex; sourceTree = BUILT_PRODUCTS_DIR; };
		739BF6982FEDB73800C60205 /* Justfile */ = {isa = PBXFileReference; lastKnownFileType = text; path = Justfile; sourceTree = "<group>"; };
/* End PBXFileReference section */

/* Begin PBXFileSystemSynchronizedBuildFileExceptionSet section */
		7393A9D12F3134FB00213730 /* Exceptions for "Extension" folder in "Extension" target */ = {
			isa = PBXFileSystemSynchronizedBuildFileExceptionSet;
			membershipExceptions = (
				Info.plist,
			);
			target = 7393A9BF2F3134FB00213730 /* Extension */;
		};
		73A54A682F2DE36A0097064D /* Exceptions for "SSHadow" folder in "SSHadow" target */ = {
			isa = PBXFileSystemSynchronizedBuildFileExceptionSet;
			membershipExceptions = (
				Info.plist,
			);
			target = 733470882F22037100B8181D /* SSHadow */;
		};
		73D94BC82F41216200CF7891 /* Exceptions for "CommonTests" folder in "ExtensionKitTests" target */ = {
			isa = PBXFileSystemSynchronizedBuildFileExceptionSet;
			membershipExceptions = (
				id_ed25519,
				TestSandbox.swift,
			);
			target = 738D63AB2F3FD1F100FED311 /* ExtensionKitTests */;
		};
		73EC8FBD2F996C53008A08C9 /* Exceptions for "CommonTests" folder in "CoreKitTests" target */ = {
			isa = PBXFileSystemSynchronizedBuildFileExceptionSet;
			membershipExceptions = (
				id_ed25519,
				TestSandbox.swift,
			);
			target = 73799A472F9811DD00A15109 /* CoreKitTests */;
		};
/* End PBXFileSystemSynchronizedBuildFileExceptionSet section */

/* Begin PBXFileSystemSynchronizedRootGroup section */
		730981002F318825009F7AA2 /* Common */ = {
			isa = PBXFileSystemSynchronizedRootGroup;
			path = Common;
			sourceTree = "<group>";
		};
		7309810F2F318825009F7AA2 /* CommonTests */ = {
			isa = PBXFileSystemSynchronizedRootGroup;
			exceptions = (
				73D94BC82F41216200CF7891 /* Exceptions for "CommonTests" folder in "ExtensionKitTests" target */,
				73EC8FBD2F996C53008A08C9 /* Exceptions for "CommonTests" folder in "CoreKitTests" target */,
			);
			path = CommonTests;
			sourceTree = "<group>";
		};
		7334708B2F22037100B8181D /* SSHadow */ = {
			isa = PBXFileSystemSynchronizedRootGroup;
			exceptions = (
				73A54A682F2DE36A0097064D /* Exceptions for "SSHadow" folder in "SSHadow" target */,
			);
			path = SSHadow;
			sourceTree = "<group>";
		};
		73799A3F2F9811DD00A15109 /* CoreKit */ = {
			isa = PBXFileSystemSynchronizedRootGroup;
			path = CoreKit;
			sourceTree = "<group>";
		};
		73799A4E2F9811DD00A15109 /* CoreKitTests */ = {
			isa = PBXFileSystemSynchronizedRootGroup;
			path = CoreKitTests;
			sourceTree = "<group>";
		};
		738D63A32F3FD1F100FED311 /* ExtensionKit */ = {
			isa = PBXFileSystemSynchronizedRootGroup;
			path = ExtensionKit;
			sourceTree = "<group>";
		};
		738D63B22F3FD1F100FED311 /* ExtensionKitTests */ = {
			isa = PBXFileSystemSynchronizedRootGroup;
			path = ExtensionKitTests;
			sourceTree = "<group>";
		};
		7393A9C22F3134FB00213730 /* Extension */ = {
			isa = PBXFileSystemSynchronizedRootGroup;
			exceptions = (
				7393A9D12F3134FB00213730 /* Exceptions for "Extension" folder in "Extension" target */,
			);
			path = Extension;
			sourceTree = "<group>";
		};
		73AD67942FFEC25100733D75 /* ci_scripts */ = {
			isa = PBXFileSystemSynchronizedRootGroup;
			path = ci_scripts;
			sourceTree = "<group>";
		};
/* End PBXFileSystemSynchronizedRootGroup section */

/* Begin PBXFrameworksBuildPhase section */
		730980FC2F318825009F7AA2 /* Frameworks */ = {
			isa = PBXFrameworksBuildPhase;
			buildActionMask = 2147483647;
			files = (
			);
			runOnlyForDeploymentPostprocessing = 0;
		};
		730981062F318825009F7AA2 /* Frameworks */ = {
			isa = PBXFrameworksBuildPhase;
			buildActionMask = 2147483647;
			files = (
				7309810A2F318825009F7AA2 /* Common.framework in Frameworks */,
				738C97B92FDA03CC007EC380 /* SwiftLibSSH in Frameworks */,
			);
			runOnlyForDeploymentPostprocessing = 0;
		};
		7322A90E2F28212400D8117D /* Frameworks */ = {
			isa = PBXFrameworksBuildPhase;
			buildActionMask = 2147483647;
			files = (
			);
			runOnlyForDeploymentPostprocessing = 0;
		};
		733470862F22037100B8181D /* Frameworks */ = {
			isa = PBXFrameworksBuildPhase;
			buildActionMask = 2147483647;
			files = (
				738D63B72F3FD1F100FED311 /* ExtensionKit.framework in Frameworks */,
				73799A532F9811DD00A15109 /* CoreKit.framework in Frameworks */,
				7322A9282F294D5400D8117D /* SwiftLibSSH in Frameworks */,
				730981142F318825009F7AA2 /* Common.framework in Frameworks */,
			);
			runOnlyForDeploymentPostprocessing = 0;
		};
		73799A3B2F9811DD00A15109 /* Frameworks */ = {
			isa = PBXFrameworksBuildPhase;
			buildActionMask = 2147483647;
			files = (
				73799A642F98129E00A15109 /* Common.framework in Frameworks */,
				73799A6A2F9812A200A15109 /* SwiftLibSSH in Frameworks */,
				737720C92FBD039600FC5390 /* OrderedCollections in Frameworks */,
			);
			runOnlyForDeploymentPostprocessing = 0;
		};
		73799A452F9811DD00A15109 /* Frameworks */ = {
			isa = PBXFrameworksBuildPhase;
			buildActionMask = 2147483647;
			files = (
				73799A492F9811DD00A15109 /* CoreKit.framework in Frameworks */,
				73799A6C2F9812D100A15109 /* SwiftLibSSH in Frameworks */,
			);
			runOnlyForDeploymentPostprocessing = 0;
		};
		738D639F2F3FD1F100FED311 /* Frameworks */ = {
			isa = PBXFrameworksBuildPhase;
			buildActionMask = 2147483647;
			files = (
				738D63F12F3FD43300FED311 /* Common.framework in Frameworks */,
			);
			runOnlyForDeploymentPostprocessing = 0;
		};
		738D63A92F3FD1F100FED311 /* Frameworks */ = {
			isa = PBXFrameworksBuildPhase;
			buildActionMask = 2147483647;
			files = (
				738D63AD2F3FD1F100FED311 /* ExtensionKit.framework in Frameworks */,
				738C97BB2FDA03D2007EC380 /* SwiftLibSSH in Frameworks */,
			);
			runOnlyForDeploymentPostprocessing = 0;
		};
		7393A9BD2F3134FB00213730 /* Frameworks */ = {
			isa = PBXFrameworksBuildPhase;
			buildActionMask = 2147483647;
			files = (
				7386D8862F3FDB59004DF22F /* ExtensionKit.framework in Frameworks */,
				7309811F2F3188DA009F7AA2 /* Common.framework in Frameworks */,
			);
			runOnlyForDeploymentPostprocessing = 0;
		};
/* End PBXFrameworksBuildPhase section */

/* Begin PBXGroup section */
		733470802F22037100B8181D = {
			isa = PBXGroup;
			children = (
				7334708B2F22037100B8181D /* SSHadow */,
				730981002F318825009F7AA2 /* Common */,
				7309810F2F318825009F7AA2 /* CommonTests */,
				73799A3F2F9811DD00A15109 /* CoreKit */,
				73799A4E2F9811DD00A15109 /* CoreKitTests */,
				7393A9C22F3134FB00213730 /* Extension */,
				738D63A32F3FD1F100FED311 /* ExtensionKit */,
				738D63B22F3FD1F100FED311 /* ExtensionKitTests */,
				7381F0C32F22B3C5005F4099 /* Frameworks */,
				7334708A2F22037100B8181D /* Products */,
				73AD67942FFEC25100733D75 /* ci_scripts */,
				7322A9212F2857C700D8117D /* SSHadow.icon */,
				7369DF3E2F45513300F709F8 /* UnitTests.xctestplan */,
				73781BC9300029A600EEA1F4 /* logfilter.jq */,
				739BF6982FEDB73800C60205 /* Justfile */,
			);
			sourceTree = "<group>";
		};
		7334708A2F22037100B8181D /* Products */ = {
			isa = PBXGroup;
			children = (
				733470892F22037100B8181D /* SSHadow.app */,
				7322A9112F28212400D8117D /* UITests.xctest */,
				7393A9C02F3134FB00213730 /* Extension.appex */,
				730980FF2F318825009F7AA2 /* Common.framework */,
				730981092F318825009F7AA2 /* CommonTests.xctest */,
				738D63A22F3FD1F100FED311 /* ExtensionKit.framework */,
				738D63AC2F3FD1F100FED311 /* ExtensionKitTests.xctest */,
				73799A3E2F9811DD00A15109 /* CoreKit.framework */,
				73799A482F9811DD00A15109 /* CoreKitTests.xctest */,
			);
			name = Products;
			sourceTree = "<group>";
		};
		7381F0C32F22B3C5005F4099 /* Frameworks */ = {
			isa = PBXGroup;
			children = (
				7322A92E2F2957AF00D8117D /* UniformTypeIdentifiers.framework */,
			);
			name = Frameworks;
			sourceTree = "<group>";
		};
/* End PBXGroup section */

/* Begin PBXHeadersBuildPhase section */
		730980FA2F318825009F7AA2 /* Headers */ = {
			isa = PBXHeadersBuildPhase;
			buildActionMask = 2147483647;
			files = (
			);
			runOnlyForDeploymentPostprocessing = 0;
		};
		73799A392F9811DD00A15109 /* Headers */ = {
			isa = PBXHeadersBuildPhase;
			buildActionMask = 2147483647;
			files = (
			);
			runOnlyForDeploymentPostprocessing = 0;
		};
		738D639D2F3FD1F100FED311 /* Headers */ = {
			isa = PBXHeadersBuildPhase;
			buildActionMask = 2147483647;
			files = (
			);
			runOnlyForDeploymentPostprocessing = 0;
		};
/* End PBXHeadersBuildPhase section */

/* Begin PBXNativeTarget section */
		730980FE2F318825009F7AA2 /* Common */ = {
			isa = PBXNativeTarget;
			buildConfigurationList = 730981162F318825009F7AA2 /* Build configuration list for PBXNativeTarget "Common" */;
			buildPhases = (
				730980FA2F318825009F7AA2 /* Headers */,
				730980FB2F318825009F7AA2 /* Sources */,
				730980FC2F318825009F7AA2 /* Frameworks */,
				730980FD2F318825009F7AA2 /* Resources */,
			);
			buildRules = (
			);
			dependencies = (
			);
			fileSystemSynchronizedGroups = (
				730981002F318825009F7AA2 /* Common */,
			);
			name = Common;
			packageProductDependencies = (
			);
			productName = SSHadowShared;
			productReference = 730980FF2F318825009F7AA2 /* Common.framework */;
			productType = "com.apple.product-type.framework";
		};
		730981082F318825009F7AA2 /* CommonTests */ = {
			isa = PBXNativeTarget;
			buildConfigurationList = 7309811A2F318825009F7AA2 /* Build configuration list for PBXNativeTarget "CommonTests" */;
			buildPhases = (
				730981052F318825009F7AA2 /* Sources */,
				730981062F318825009F7AA2 /* Frameworks */,
				730981072F318825009F7AA2 /* Resources */,
			);
			buildRules = (
			);
			dependencies = (
				7309810C2F318825009F7AA2 /* PBXTargetDependency */,
				7309810E2F318825009F7AA2 /* PBXTargetDependency */,
			);
			fileSystemSynchronizedGroups = (
				7309810F2F318825009F7AA2 /* CommonTests */,
			);
			name = CommonTests;
			packageProductDependencies = (
				738C97B82FDA03CC007EC380 /* SwiftLibSSH */,
			);
			productName = SSHadowSharedTests;
			productReference = 730981092F318825009F7AA2 /* CommonTests.xctest */;
			productType = "com.apple.product-type.bundle.unit-test";
		};
		7322A9102F28212400D8117D /* UITests */ = {
			isa = PBXNativeTarget;
			buildConfigurationList = 7322A9192F28212400D8117D /* Build configuration list for PBXNativeTarget "UITests" */;
			buildPhases = (
				7322A90D2F28212400D8117D /* Sources */,
				7322A90E2F28212400D8117D /* Frameworks */,
				7322A90F2F28212400D8117D /* Resources */,
			);
			buildRules = (
			);
			dependencies = (
				7322A9182F28212400D8117D /* PBXTargetDependency */,
			);
			name = UITests;
			packageProductDependencies = (
			);
			productName = SSHadowUITests;
			productReference = 7322A9112F28212400D8117D /* UITests.xctest */;
			productType = "com.apple.product-type.bundle.ui-testing";
		};
		733470882F22037100B8181D /* SSHadow */ = {
			isa = PBXNativeTarget;
			buildConfigurationList = 733470942F22037100B8181D /* Build configuration list for PBXNativeTarget "SSHadow" */;
			buildPhases = (
				733470852F22037100B8181D /* Sources */,
				733470862F22037100B8181D /* Frameworks */,
				733470872F22037100B8181D /* Resources */,
				7322A9402F2957AF00D8117D /* Embed Foundation Extensions */,
				730981192F318825009F7AA2 /* Embed Frameworks */,
				7332E8E82F92C30D00C8A14C /* Embed XPC Services */,
			);
			buildRules = (
			);
			dependencies = (
				7393A9CC2F3134FB00213730 /* PBXTargetDependency */,
				730981132F318825009F7AA2 /* PBXTargetDependency */,
				738D63B62F3FD1F100FED311 /* PBXTargetDependency */,
				73799A522F9811DD00A15109 /* PBXTargetDependency */,
			);
			fileSystemSynchronizedGroups = (
				7334708B2F22037100B8181D /* SSHadow */,
			);
			name = SSHadow;
			packageProductDependencies = (
				7322A9272F294D5400D8117D /* SwiftLibSSH */,
			);
			productName = SSHadow;
			productReference = 733470892F22037100B8181D /* SSHadow.app */;
			productType = "com.apple.product-type.application";
		};
		73799A3D2F9811DD00A15109 /* CoreKit */ = {
			isa = PBXNativeTarget;
			buildConfigurationList = 73799A552F9811DD00A15109 /* Build configuration list for PBXNativeTarget "CoreKit" */;
			buildPhases = (
				73799A392F9811DD00A15109 /* Headers */,
				73799A3A2F9811DD00A15109 /* Sources */,
				73799A3B2F9811DD00A15109 /* Frameworks */,
				73799A3C2F9811DD00A15109 /* Resources */,
				73799A682F98129E00A15109 /* Embed Frameworks */,
			);
			buildRules = (
			);
			dependencies = (
				73799A672F98129E00A15109 /* PBXTargetDependency */,
			);
			fileSystemSynchronizedGroups = (
				73799A3F2F9811DD00A15109 /* CoreKit */,
			);
			name = CoreKit;
			packageProductDependencies = (
				73799A692F9812A200A15109 /* SwiftLibSSH */,
				737720C82FBD039600FC5390 /* OrderedCollections */,
			);
			productName = CoreKit;
			productReference = 73799A3E2F9811DD00A15109 /* CoreKit.framework */;
			productType = "com.apple.product-type.framework";
		};
		73799A472F9811DD00A15109 /* CoreKitTests */ = {
			isa = PBXNativeTarget;
			buildConfigurationList = 73799A582F9811DD00A15109 /* Build configuration list for PBXNativeTarget "CoreKitTests" */;
			buildPhases = (
				73799A442F9811DD00A15109 /* Sources */,
				73799A452F9811DD00A15109 /* Frameworks */,
				73799A462F9811DD00A15109 /* Resources */,
			);
			buildRules = (
			);
			dependencies = (
				73799A4B2F9811DD00A15109 /* PBXTargetDependency */,
				73799A4D2F9811DD00A15109 /* PBXTargetDependency */,
			);
			fileSystemSynchronizedGroups = (
				73799A4E2F9811DD00A15109 /* CoreKitTests */,
			);
			name = CoreKitTests;
			packageProductDependencies = (
				73799A6B2F9812D100A15109 /* SwiftLibSSH */,
			);
			productName = CoreKitTests;
			productReference = 73799A482F9811DD00A15109 /* CoreKitTests.xctest */;
			productType = "com.apple.product-type.bundle.unit-test";
		};
		738D63A12F3FD1F100FED311 /* ExtensionKit */ = {
			isa = PBXNativeTarget;
			buildConfigurationList = 738D63BD2F3FD1F100FED311 /* Build configuration list for PBXNativeTarget "ExtensionKit" */;
			buildPhases = (
				738D639D2F3FD1F100FED311 /* Headers */,
				738D639E2F3FD1F100FED311 /* Sources */,
				738D639F2F3FD1F100FED311 /* Frameworks */,
				738D63A02F3FD1F100FED311 /* Resources */,
				738D63F52F3FD43300FED311 /* Embed Frameworks */,
			);
			buildRules = (
			);
			dependencies = (
				738D63F42F3FD43300FED311 /* PBXTargetDependency */,
			);
			fileSystemSynchronizedGroups = (
				738D63A32F3FD1F100FED311 /* ExtensionKit */,
			);
			name = ExtensionKit;
			packageProductDependencies = (
			);
			productName = SSHadowExtension;
			productReference = 738D63A22F3FD1F100FED311 /* ExtensionKit.framework */;
			productType = "com.apple.product-type.framework";
		};
		738D63AB2F3FD1F100FED311 /* ExtensionKitTests */ = {
			isa = PBXNativeTarget;
			buildConfigurationList = 738D63BE2F3FD1F100FED311 /* Build configuration list for PBXNativeTarget "ExtensionKitTests" */;
			buildPhases = (
				738D63A82F3FD1F100FED311 /* Sources */,
				738D63A92F3FD1F100FED311 /* Frameworks */,
				738D63AA2F3FD1F100FED311 /* Resources */,
			);
			buildRules = (
			);
			dependencies = (
				738D63AF2F3FD1F100FED311 /* PBXTargetDependency */,
				738D63B12F3FD1F100FED311 /* PBXTargetDependency */,
			);
			fileSystemSynchronizedGroups = (
				738D63B22F3FD1F100FED311 /* ExtensionKitTests */,
			);
			name = ExtensionKitTests;
			packageProductDependencies = (
				738C97BA2FDA03D2007EC380 /* SwiftLibSSH */,
			);
			productName = SSHadowExtensionTests;
			productReference = 738D63AC2F3FD1F100FED311 /* ExtensionKitTests.xctest */;
			productType = "com.apple.product-type.bundle.unit-test";
		};
		7393A9BF2F3134FB00213730 /* Extension */ = {
			isa = PBXNativeTarget;
			buildConfigurationList = 7393A9CE2F3134FB00213730 /* Build configuration list for PBXNativeTarget "Extension" */;
			buildPhases = (
				7393A9BC2F3134FB00213730 /* Sources */,
				7393A9BD2F3134FB00213730 /* Frameworks */,
				7393A9BE2F3134FB00213730 /* Resources */,
				730981232F3188DA009F7AA2 /* Embed Frameworks */,
			);
			buildRules = (
			);
			dependencies = (
				730981222F3188DA009F7AA2 /* PBXTargetDependency */,
				7386D8892F3FDB59004DF22F /* PBXTargetDependency */,
			);
			fileSystemSynchronizedGroups = (
				7393A9C22F3134FB00213730 /* Extension */,
			);
			name = Extension;
			packageProductDependencies = (
			);
			productName = SSHadowProvider;
			productReference = 7393A9C02F3134FB00213730 /* Extension.appex */;
			productType = "com.apple.product-type.app-extension";
		};
/* End PBXNativeTarget section */

/* Begin PBXProject section */
		733470812F22037100B8181D /* Project object */ = {
			isa = PBXProject;
			attributes = {
				BuildIndependentTargetsInParallel = 1;
				LastSwiftUpdateCheck = 2640;
				LastUpgradeCheck = 2650;
				TargetAttributes = {
					730980FE2F318825009F7AA2 = {
						CreatedOnToolsVersion = 26.2;
					};
					730981082F318825009F7AA2 = {
						CreatedOnToolsVersion = 26.2;
					};
					7322A9102F28212400D8117D = {
						CreatedOnToolsVersion = 26.2;
						TestTargetID = 733470882F22037100B8181D;
					};
					733470882F22037100B8181D = {
						CreatedOnToolsVersion = 26.2;
					};
					73799A3D2F9811DD00A15109 = {
						CreatedOnToolsVersion = 26.4.1;
					};
					73799A472F9811DD00A15109 = {
						CreatedOnToolsVersion = 26.4.1;
					};
					738D63A12F3FD1F100FED311 = {
						CreatedOnToolsVersion = 26.2;
					};
					738D63AB2F3FD1F100FED311 = {
						CreatedOnToolsVersion = 26.2;
					};
					7393A9BF2F3134FB00213730 = {
						CreatedOnToolsVersion = 26.2;
					};
				};
			};
			buildConfigurationList = 733470842F22037100B8181D /* Build configuration list for PBXProject "SSHadow" */;
			developmentRegion = en;
			hasScannedForEncodings = 0;
			knownRegions = (
				en,
				Base,
			);
			mainGroup = 733470802F22037100B8181D;
			minimizedProjectReferenceProxies = 1;
			packageReferences = (
				7322A9262F294D5400D8117D /* XCRemoteSwiftPackageReference "swift-lib-ssh" */,
				737720C72FBD039600FC5390 /* XCRemoteSwiftPackageReference "swift-collections" */,
			);
			preferredProjectObjectVersion = 77;
			productRefGroup = 7334708A2F22037100B8181D /* Products */;
			projectDirPath = "";
			projectRoot = "";
			targets = (
				733470882F22037100B8181D /* SSHadow */,
				7322A9102F28212400D8117D /* UITests */,
				730980FE2F318825009F7AA2 /* Common */,
				730981082F318825009F7AA2 /* CommonTests */,
				7393A9BF2F3134FB00213730 /* Extension */,
				738D63A12F3FD1F100FED311 /* ExtensionKit */,
				738D63AB2F3FD1F100FED311 /* ExtensionKitTests */,
				73799A3D2F9811DD00A15109 /* CoreKit */,
				73799A472F9811DD00A15109 /* CoreKitTests */,
			);
		};
/* End PBXProject section */

/* Begin PBXResourcesBuildPhase section */
		730980FD2F318825009F7AA2 /* Resources */ = {
			isa = PBXResourcesBuildPhase;
			buildActionMask = 2147483647;
			files = (
			);
			runOnlyForDeploymentPostprocessing = 0;
		};
		730981072F318825009F7AA2 /* Resources */ = {
			isa = PBXResourcesBuildPhase;
			buildActionMask = 2147483647;
			files = (
			);
			runOnlyForDeploymentPostprocessing = 0;
		};
		7322A90F2F28212400D8117D /* Resources */ = {
			isa = PBXResourcesBuildPhase;
			buildActionMask = 2147483647;
			files = (
			);
			runOnlyForDeploymentPostprocessing = 0;
		};
		733470872F22037100B8181D /* Resources */ = {
			isa = PBXResourcesBuildPhase;
			buildActionMask = 2147483647;
			files = (
				7322A9222F2857C700D8117D /* SSHadow.icon in Resources */,
				7369DF3F2F45513300F709F8 /* UnitTests.xctestplan in Resources */,
			);
			runOnlyForDeploymentPostprocessing = 0;
		};
		73799A3C2F9811DD00A15109 /* Resources */ = {
			isa = PBXResourcesBuildPhase;
			buildActionMask = 2147483647;
			files = (
			);
			runOnlyForDeploymentPostprocessing = 0;
		};
		73799A462F9811DD00A15109 /* Resources */ = {
			isa = PBXResourcesBuildPhase;
			buildActionMask = 2147483647;
			files = (
			);
			runOnlyForDeploymentPostprocessing = 0;
		};
		738D63A02F3FD1F100FED311 /* Resources */ = {
			isa = PBXResourcesBuildPhase;
			buildActionMask = 2147483647;
			files = (
			);
			runOnlyForDeploymentPostprocessing = 0;
		};
		738D63AA2F3FD1F100FED311 /* Resources */ = {
			isa = PBXResourcesBuildPhase;
			buildActionMask = 2147483647;
			files = (
			);
			runOnlyForDeploymentPostprocessing = 0;
		};
		7393A9BE2F3134FB00213730 /* Resources */ = {
			isa = PBXResourcesBuildPhase;
			buildActionMask = 2147483647;
			files = (
			);
			runOnlyForDeploymentPostprocessing = 0;
		};
/* End PBXResourcesBuildPhase section */

/* Begin PBXSourcesBuildPhase section */
		730980FB2F318825009F7AA2 /* Sources */ = {
			isa = PBXSourcesBuildPhase;
			buildActionMask = 2147483647;
			files = (
			);
			runOnlyForDeploymentPostprocessing = 0;
		};
		730981052F318825009F7AA2 /* Sources */ = {
			isa = PBXSourcesBuildPhase;
			buildActionMask = 2147483647;
			files = (
			);
			runOnlyForDeploymentPostprocessing = 0;
		};
		7322A90D2F28212400D8117D /* Sources */ = {
			isa = PBXSourcesBuildPhase;
			buildActionMask = 2147483647;
			files = (
			);
			runOnlyForDeploymentPostprocessing = 0;
		};
		733470852F22037100B8181D /* Sources */ = {
			isa = PBXSourcesBuildPhase;
			buildActionMask = 2147483647;
			files = (
			);
			runOnlyForDeploymentPostprocessing = 0;
		};
		73799A3A2F9811DD00A15109 /* Sources */ = {
			isa = PBXSourcesBuildPhase;
			buildActionMask = 2147483647;
			files = (
			);
			runOnlyForDeploymentPostprocessing = 0;
		};
		73799A442F9811DD00A15109 /* Sources */ = {
			isa = PBXSourcesBuildPhase;
			buildActionMask = 2147483647;
			files = (
			);
			runOnlyForDeploymentPostprocessing = 0;
		};
		738D639E2F3FD1F100FED311 /* Sources */ = {
			isa = PBXSourcesBuildPhase;
			buildActionMask = 2147483647;
			files = (
			);
			runOnlyForDeploymentPostprocessing = 0;
		};
		738D63A82F3FD1F100FED311 /* Sources */ = {
			isa = PBXSourcesBuildPhase;
			buildActionMask = 2147483647;
			files = (
			);
			runOnlyForDeploymentPostprocessing = 0;
		};
		7393A9BC2F3134FB00213730 /* Sources */ = {
			isa = PBXSourcesBuildPhase;
			buildActionMask = 2147483647;
			files = (
			);
			runOnlyForDeploymentPostprocessing = 0;
		};
/* End PBXSourcesBuildPhase section */

/* Begin PBXTargetDependency section */
		7309810C2F318825009F7AA2 /* PBXTargetDependency */ = {
			isa = PBXTargetDependency;
			target = 730980FE2F318825009F7AA2 /* Common */;
			targetProxy = 7309810B2F318825009F7AA2 /* PBXContainerItemProxy */;
		};
		7309810E2F318825009F7AA2 /* PBXTargetDependency */ = {
			isa = PBXTargetDependency;
			target = 733470882F22037100B8181D /* SSHadow */;
			targetProxy = 7309810D2F318825009F7AA2 /* PBXContainerItemProxy */;
		};
		730981132F318825009F7AA2 /* PBXTargetDependency */ = {
			isa = PBXTargetDependency;
			target = 730980FE2F318825009F7AA2 /* Common */;
			targetProxy = 730981122F318825009F7AA2 /* PBXContainerItemProxy */;
		};
		730981222F3188DA009F7AA2 /* PBXTargetDependency */ = {
			isa = PBXTargetDependency;
			target = 730980FE2F318825009F7AA2 /* Common */;
			targetProxy = 730981212F3188DA009F7AA2 /* PBXContainerItemProxy */;
		};
		7322A9182F28212400D8117D /* PBXTargetDependency */ = {
			isa = PBXTargetDependency;
			target = 733470882F22037100B8181D /* SSHadow */;
			targetProxy = 7322A9172F28212400D8117D /* PBXContainerItemProxy */;
		};
		73799A4B2F9811DD00A15109 /* PBXTargetDependency */ = {
			isa = PBXTargetDependency;
			target = 73799A3D2F9811DD00A15109 /* CoreKit */;
			targetProxy = 73799A4A2F9811DD00A15109 /* PBXContainerItemProxy */;
		};
		73799A4D2F9811DD00A15109 /* PBXTargetDependency */ = {
			isa = PBXTargetDependency;
			target = 733470882F22037100B8181D /* SSHadow */;
			targetProxy = 73799A4C2F9811DD00A15109 /* PBXContainerItemProxy */;
		};
		73799A522F9811DD00A15109 /* PBXTargetDependency */ = {
			isa = PBXTargetDependency;
			target = 73799A3D2F9811DD00A15109 /* CoreKit */;
			targetProxy = 73799A512F9811DD00A15109 /* PBXContainerItemProxy */;
		};
		73799A672F98129E00A15109 /* PBXTargetDependency */ = {
			isa = PBXTargetDependency;
			target = 730980FE2F318825009F7AA2 /* Common */;
			targetProxy = 73799A662F98129E00A15109 /* PBXContainerItemProxy */;
		};
		7386D8892F3FDB59004DF22F /* PBXTargetDependency */ = {
			isa = PBXTargetDependency;
			target = 738D63A12F3FD1F100FED311 /* ExtensionKit */;
			targetProxy = 7386D8882F3FDB59004DF22F /* PBXContainerItemProxy */;
		};
		738D63AF2F3FD1F100FED311 /* PBXTargetDependency */ = {
			isa = PBXTargetDependency;
			target = 738D63A12F3FD1F100FED311 /* ExtensionKit */;
			targetProxy = 738D63AE2F3FD1F100FED311 /* PBXContainerItemProxy */;
		};
		738D63B12F3FD1F100FED311 /* PBXTargetDependency */ = {
			isa = PBXTargetDependency;
			target = 733470882F22037100B8181D /* SSHadow */;
			targetProxy = 738D63B02F3FD1F100FED311 /* PBXContainerItemProxy */;
		};
		738D63B62F3FD1F100FED311 /* PBXTargetDependency */ = {
			isa = PBXTargetDependency;
			target = 738D63A12F3FD1F100FED311 /* ExtensionKit */;
			targetProxy = 738D63B52F3FD1F100FED311 /* PBXContainerItemProxy */;
		};
		738D63F42F3FD43300FED311 /* PBXTargetDependency */ = {
			isa = PBXTargetDependency;
			target = 730980FE2F318825009F7AA2 /* Common */;
			targetProxy = 738D63F32F3FD43300FED311 /* PBXContainerItemProxy */;
		};
		7393A9CC2F3134FB00213730 /* PBXTargetDependency */ = {
			isa = PBXTargetDependency;
			target = 7393A9BF2F3134FB00213730 /* Extension */;
			targetProxy = 7393A9CB2F3134FB00213730 /* PBXContainerItemProxy */;
		};
/* End PBXTargetDependency section */

/* Begin XCBuildConfiguration section */
		730981172F318825009F7AA2 /* Debug */ = {
			isa = XCBuildConfiguration;
			buildSettings = {
				BUILD_LIBRARY_FOR_DISTRIBUTION = NO;
				CODE_SIGN_IDENTITY = "";
				"CODE_SIGN_IDENTITY[sdk=macosx*]" = "Apple Development";
				CODE_SIGN_STYLE = Automatic;
				COMBINE_HIDPI_IMAGES = YES;
				CURRENT_PROJECT_VERSION = 1;
				DEAD_CODE_STRIPPING = YES;
				DYLIB_COMPATIBILITY_VERSION = 1;
				DYLIB_CURRENT_VERSION = 1;
				DYLIB_INSTALL_NAME_BASE = "@rpath";
				ENABLE_MODULE_VERIFIER = YES;
				GENERATE_INFOPLIST_FILE = YES;
				INFOPLIST_KEY_NSHumanReadableCopyright = "";
				INSTALL_PATH = "$(LOCAL_LIBRARY_DIR)/Frameworks";
				LD_RUNPATH_SEARCH_PATHS = (
					"$(inherited)",
					"@executable_path/../Frameworks",
					"@loader_path/Frameworks",
				);
				MACOSX_DEPLOYMENT_TARGET = 15.0;
				MARKETING_VERSION = 1.0;
				MODULE_VERIFIER_SUPPORTED_LANGUAGES = "objective-c objective-c++";
				MODULE_VERIFIER_SUPPORTED_LANGUAGE_STANDARDS = "gnu17 gnu++20";
				PRODUCT_BUNDLE_IDENTIFIER = com.kosolabs.SSHadow.Common;
				PRODUCT_NAME = "$(TARGET_NAME:c99extidentifier)";
				SKIP_INSTALL = YES;
				STRING_CATALOG_GENERATE_SYMBOLS = YES;
				SWIFT_APPROACHABLE_CONCURRENCY = YES;
				SWIFT_EMIT_LOC_STRINGS = YES;
				SWIFT_INSTALL_MODULE = YES;
				SWIFT_INSTALL_OBJC_HEADER = NO;
				SWIFT_UPCOMING_FEATURE_MEMBER_IMPORT_VISIBILITY = YES;
				VERSIONING_SYSTEM = "apple-generic";
				VERSION_INFO_PREFIX = "";
			};
			name = Debug;
		};
		730981182F318825009F7AA2 /* Release */ = {
			isa = XCBuildConfiguration;
			buildSettings = {
				BUILD_LIBRARY_FOR_DISTRIBUTION = NO;
				CODE_SIGN_IDENTITY = "";
				"CODE_SIGN_IDENTITY[sdk=macosx*]" = "Apple Development";
				CODE_SIGN_STYLE = Automatic;
				COMBINE_HIDPI_IMAGES = YES;
				CURRENT_PROJECT_VERSION = 1;
				DEAD_CODE_STRIPPING = YES;
				DYLIB_COMPATIBILITY_VERSION = 1;
				DYLIB_CURRENT_VERSION = 1;
				DYLIB_INSTALL_NAME_BASE = "@rpath";
				ENABLE_MODULE_VERIFIER = YES;
				GENERATE_INFOPLIST_FILE = YES;
				INFOPLIST_KEY_NSHumanReadableCopyright = "";
				INSTALL_PATH = "$(LOCAL_LIBRARY_DIR)/Frameworks";
				LD_RUNPATH_SEARCH_PATHS = (
					"$(inherited)",
					"@executable_path/../Frameworks",
					"@loader_path/Frameworks",
				);
				MACOSX_DEPLOYMENT_TARGET = 15.0;
				MARKETING_VERSION = 1.0;
				MODULE_VERIFIER_SUPPORTED_LANGUAGES = "objective-c objective-c++";
				MODULE_VERIFIER_SUPPORTED_LANGUAGE_STANDARDS = "gnu17 gnu++20";
				PRODUCT_BUNDLE_IDENTIFIER = com.kosolabs.SSHadow.Common;
				PRODUCT_NAME = "$(TARGET_NAME:c99extidentifier)";
				SKIP_INSTALL = YES;
				STRING_CATALOG_GENERATE_SYMBOLS = YES;
				SWIFT_APPROACHABLE_CONCURRENCY = YES;
				SWIFT_EMIT_LOC_STRINGS = YES;
				SWIFT_INSTALL_MODULE = YES;
				SWIFT_INSTALL_OBJC_HEADER = NO;
				SWIFT_UPCOMING_FEATURE_MEMBER_IMPORT_VISIBILITY = YES;
				VERSIONING_SYSTEM = "apple-generic";
				VERSION_INFO_PREFIX = "";
			};
			name = Release;
		};
		7309811B2F318825009F7AA2 /* Debug */ = {
			isa = XCBuildConfiguration;
			buildSettings = {
				CODE_SIGN_STYLE = Automatic;
				CURRENT_PROJECT_VERSION = 1;
				DEAD_CODE_STRIPPING = YES;
				GENERATE_INFOPLIST_FILE = YES;
				MACOSX_DEPLOYMENT_TARGET = 15.0;
				MARKETING_VERSION = 1.0;
				PRODUCT_BUNDLE_IDENTIFIER = com.kosolabs.SSHadow.CommonTests;
				PRODUCT_NAME = "$(TARGET_NAME)";
				STRING_CATALOG_GENERATE_SYMBOLS = NO;
				SWIFT_APPROACHABLE_CONCURRENCY = YES;
				SWIFT_EMIT_LOC_STRINGS = NO;
				SWIFT_UPCOMING_FEATURE_MEMBER_IMPORT_VISIBILITY = YES;
			};
			name = Debug;
		};
		7309811C2F318825009F7AA2 /* Release */ = {
			isa = XCBuildConfiguration;
			buildSettings = {
				CODE_SIGN_STYLE = Automatic;
				CURRENT_PROJECT_VERSION = 1;
				DEAD_CODE_STRIPPING = YES;
				GENERATE_INFOPLIST_FILE = YES;
				MACOSX_DEPLOYMENT_TARGET = 15.0;
				MARKETING_VERSION = 1.0;
				PRODUCT_BUNDLE_IDENTIFIER = com.kosolabs.SSHadow.CommonTests;
				PRODUCT_NAME = "$(TARGET_NAME)";
				STRING_CATALOG_GENERATE_SYMBOLS = NO;
				SWIFT_APPROACHABLE_CONCURRENCY = YES;
				SWIFT_EMIT_LOC_STRINGS = NO;
				SWIFT_UPCOMING_FEATURE_MEMBER_IMPORT_VISIBILITY = YES;
			};
			name = Release;
		};
		7322A91A2F28212400D8117D /* Debug */ = {
			isa = XCBuildConfiguration;
			buildSettings = {
				CODE_SIGN_STYLE = Automatic;
				CURRENT_PROJECT_VERSION = 1;
				DEAD_CODE_STRIPPING = YES;
				GENERATE_INFOPLIST_FILE = YES;
				MACOSX_DEPLOYMENT_TARGET = 15.0;
				MARKETING_VERSION = 1.0;
				PRODUCT_BUNDLE_IDENTIFIER = com.kosolabs.SSHadow.UITests;
				PRODUCT_NAME = "$(TARGET_NAME)";
				STRING_CATALOG_GENERATE_SYMBOLS = NO;
				SWIFT_APPROACHABLE_CONCURRENCY = YES;
				SWIFT_EMIT_LOC_STRINGS = NO;
				SWIFT_UPCOMING_FEATURE_MEMBER_IMPORT_VISIBILITY = YES;
				TEST_TARGET_NAME = SSHadow;
			};
			name = Debug;
		};
		7322A91B2F28212400D8117D /* Release */ = {
			isa = XCBuildConfiguration;
			buildSettings = {
				CODE_SIGN_STYLE = Automatic;
				CURRENT_PROJECT_VERSION = 1;
				DEAD_CODE_STRIPPING = YES;
				GENERATE_INFOPLIST_FILE = YES;
				MACOSX_DEPLOYMENT_TARGET = 15.0;
				MARKETING_VERSION = 1.0;
				PRODUCT_BUNDLE_IDENTIFIER = com.kosolabs.SSHadow.UITests;
				PRODUCT_NAME = "$(TARGET_NAME)";
				STRING_CATALOG_GENERATE_SYMBOLS = NO;
				SWIFT_APPROACHABLE_CONCURRENCY = YES;
				SWIFT_EMIT_LOC_STRINGS = NO;
				SWIFT_UPCOMING_FEATURE_MEMBER_IMPORT_VISIBILITY = YES;
				TEST_TARGET_NAME = SSHadow;
			};
			name = Release;
		};
		733470922F22037100B8181D /* Debug */ = {
			isa = XCBuildConfiguration;
			buildSettings = {
				ALWAYS_SEARCH_USER_PATHS = NO;
				ASSETCATALOG_COMPILER_GENERATE_SWIFT_ASSET_SYMBOL_EXTENSIONS = YES;
				CLANG_ANALYZER_NONNULL = YES;
				CLANG_ANALYZER_NUMBER_OBJECT_CONVERSION = YES_AGGRESSIVE;
				CLANG_CXX_LANGUAGE_STANDARD = "gnu++20";
				CLANG_ENABLE_MODULES = YES;
				CLANG_ENABLE_OBJC_ARC = YES;
				CLANG_ENABLE_OBJC_WEAK = YES;
				CLANG_WARN_BLOCK_CAPTURE_AUTORELEASING = YES;
				CLANG_WARN_BOOL_CONVERSION = YES;
				CLANG_WARN_COMMA = YES;
				CLANG_WARN_CONSTANT_CONVERSION = YES;
				CLANG_WARN_DEPRECATED_OBJC_IMPLEMENTATIONS = YES;
				CLANG_WARN_DIRECT_OBJC_ISA_USAGE = YES_ERROR;
				CLANG_WARN_DOCUMENTATION_COMMENTS = YES;
				CLANG_WARN_EMPTY_BODY = YES;
				CLANG_WARN_ENUM_CONVERSION = YES;
				CLANG_WARN_INFINITE_RECURSION = YES;
				CLANG_WARN_INT_CONVERSION = YES;
				CLANG_WARN_NON_LITERAL_NULL_CONVERSION = YES;
				CLANG_WARN_OBJC_IMPLICIT_RETAIN_SELF = YES;
				CLANG_WARN_OBJC_LITERAL_CONVERSION = YES;
				CLANG_WARN_OBJC_ROOT_CLASS = YES_ERROR;
				CLANG_WARN_QUOTED_INCLUDE_IN_FRAMEWORK_HEADER = YES;
				CLANG_WARN_RANGE_LOOP_ANALYSIS = YES;
				CLANG_WARN_STRICT_PROTOTYPES = YES;
				CLANG_WARN_SUSPICIOUS_MOVE = YES;
				CLANG_WARN_UNGUARDED_AVAILABILITY = YES_AGGRESSIVE;
				CLANG_WARN_UNREACHABLE_CODE = YES;
				CLANG_WARN__DUPLICATE_METHOD_MATCH = YES;
				COPY_PHASE_STRIP = NO;
				DEAD_CODE_STRIPPING = YES;
				DEBUG_INFORMATION_FORMAT = dwarf;
				DEVELOPMENT_TEAM = A5S59GAS97;
				ENABLE_STRICT_OBJC_MSGSEND = YES;
				ENABLE_TESTABILITY = YES;
				ENABLE_USER_SCRIPT_SANDBOXING = YES;
				GCC_C_LANGUAGE_STANDARD = gnu17;
				GCC_DYNAMIC_NO_PIC = NO;
				GCC_NO_COMMON_BLOCKS = YES;
				GCC_OPTIMIZATION_LEVEL = 0;
				GCC_PREPROCESSOR_DEFINITIONS = (
					"DEBUG=1",
					"$(inherited)",
				);
				GCC_WARN_64_TO_32_BIT_CONVERSION = YES;
				GCC_WARN_ABOUT_RETURN_TYPE = YES_ERROR;
				GCC_WARN_UNDECLARED_SELECTOR = YES;
				GCC_WARN_UNINITIALIZED_AUTOS = YES_AGGRESSIVE;
				GCC_WARN_UNUSED_FUNCTION = YES;
				GCC_WARN_UNUSED_VARIABLE = YES;
				LOCALIZATION_PREFERS_STRING_CATALOGS = YES;
				MACOSX_DEPLOYMENT_TARGET = 15.6;
				MTL_ENABLE_DEBUG_INFO = INCLUDE_SOURCE;
				MTL_FAST_MATH = YES;
				ONLY_ACTIVE_ARCH = YES;
				SDKROOT = macosx;
				STRING_CATALOG_GENERATE_SYMBOLS = YES;
				SWIFT_ACTIVE_COMPILATION_CONDITIONS = "DEBUG $(inherited)";
				SWIFT_OPTIMIZATION_LEVEL = "-Onone";
				SWIFT_VERSION = 5.0;
			};
			name = Debug;
		};
		733470932F22037100B8181D /* Release */ = {
			isa = XCBuildConfiguration;
			buildSettings = {
				ALWAYS_SEARCH_USER_PATHS = NO;
				ASSETCATALOG_COMPILER_GENERATE_SWIFT_ASSET_SYMBOL_EXTENSIONS = YES;
				CLANG_ANALYZER_NONNULL = YES;
				CLANG_ANALYZER_NUMBER_OBJECT_CONVERSION = YES_AGGRESSIVE;
				CLANG_CXX_LANGUAGE_STANDARD = "gnu++20";
				CLANG_ENABLE_MODULES = YES;
				CLANG_ENABLE_OBJC_ARC = YES;
				CLANG_ENABLE_OBJC_WEAK = YES;
				CLANG_WARN_BLOCK_CAPTURE_AUTORELEASING = YES;
				CLANG_WARN_BOOL_CONVERSION = YES;
				CLANG_WARN_COMMA = YES;
				CLANG_WARN_CONSTANT_CONVERSION = YES;
				CLANG_WARN_DEPRECATED_OBJC_IMPLEMENTATIONS = YES;
				CLANG_WARN_DIRECT_OBJC_ISA_USAGE = YES_ERROR;
				CLANG_WARN_DOCUMENTATION_COMMENTS = YES;
				CLANG_WARN_EMPTY_BODY = YES;
				CLANG_WARN_ENUM_CONVERSION = YES;
				CLANG_WARN_INFINITE_RECURSION = YES;
				CLANG_WARN_INT_CONVERSION = YES;
				CLANG_WARN_NON_LITERAL_NULL_CONVERSION = YES;
				CLANG_WARN_OBJC_IMPLICIT_RETAIN_SELF = YES;
				CLANG_WARN_OBJC_LITERAL_CONVERSION = YES;
				CLANG_WARN_OBJC_ROOT_CLASS = YES_ERROR;
				CLANG_WARN_QUOTED_INCLUDE_IN_FRAMEWORK_HEADER = YES;
				CLANG_WARN_RANGE_LOOP_ANALYSIS = YES;
				CLANG_WARN_STRICT_PROTOTYPES = YES;
				CLANG_WARN_SUSPICIOUS_MOVE = YES;
				CLANG_WARN_UNGUARDED_AVAILABILITY = YES_AGGRESSIVE;
				CLANG_WARN_UNREACHABLE_CODE = YES;
				CLANG_WARN__DUPLICATE_METHOD_MATCH = YES;
				COPY_PHASE_STRIP = NO;
				DEAD_CODE_STRIPPING = YES;
				DEBUG_INFORMATION_FORMAT = "dwarf-with-dsym";
				DEVELOPMENT_TEAM = A5S59GAS97;
				ENABLE_NS_ASSERTIONS = NO;
				ENABLE_STRICT_OBJC_MSGSEND = YES;
				ENABLE_USER_SCRIPT_SANDBOXING = YES;
				GCC_C_LANGUAGE_STANDARD = gnu17;
				GCC_NO_COMMON_BLOCKS = YES;
				GCC_WARN_64_TO_32_BIT_CONVERSION = YES;
				GCC_WARN_ABOUT_RETURN_TYPE = YES_ERROR;
				GCC_WARN_UNDECLARED_SELECTOR = YES;
				GCC_WARN_UNINITIALIZED_AUTOS = YES_AGGRESSIVE;
				GCC_WARN_UNUSED_FUNCTION = YES;
				GCC_WARN_UNUSED_VARIABLE = YES;
				LOCALIZATION_PREFERS_STRING_CATALOGS = YES;
				MACOSX_DEPLOYMENT_TARGET = 15.6;
				MTL_ENABLE_DEBUG_INFO = NO;
				MTL_FAST_MATH = YES;
				SDKROOT = macosx;
				STRING_CATALOG_GENERATE_SYMBOLS = YES;
				SWIFT_COMPILATION_MODE = wholemodule;
				SWIFT_VERSION = 5.0;
			};
			name = Release;
		};
		733470952F22037100B8181D /* Debug */ = {
			isa = XCBuildConfiguration;
			buildSettings = {
				ASSETCATALOG_COMPILER_APPICON_NAME = SSHadow;
				ASSETCATALOG_COMPILER_GLOBAL_ACCENT_COLOR_NAME = AccentColor;
				ASSETCATALOG_COMPILER_INCLUDE_ALL_APPICON_ASSETS = NO;
				AUTOMATION_APPLE_EVENTS = NO;
				CODE_SIGN_ENTITLEMENTS = SSHadow/SSHadow.entitlements;
				"CODE_SIGN_IDENTITY[sdk=macosx*]" = "Apple Development";
				CODE_SIGN_STYLE = Automatic;
				COMBINE_HIDPI_IMAGES = YES;
				CURRENT_PROJECT_VERSION = 1;
				DEAD_CODE_STRIPPING = YES;
				ENABLE_APP_SANDBOX = YES;
				ENABLE_HARDENED_RUNTIME = YES;
				ENABLE_INCOMING_NETWORK_CONNECTIONS = NO;
				ENABLE_OUTGOING_NETWORK_CONNECTIONS = YES;
				ENABLE_PREVIEWS = YES;
				ENABLE_RESOURCE_ACCESS_AUDIO_INPUT = NO;
				ENABLE_RESOURCE_ACCESS_BLUETOOTH = NO;
				ENABLE_RESOURCE_ACCESS_CALENDARS = NO;
				ENABLE_RESOURCE_ACCESS_CAMERA = NO;
				ENABLE_RESOURCE_ACCESS_CONTACTS = NO;
				ENABLE_RESOURCE_ACCESS_LOCATION = NO;
				ENABLE_RESOURCE_ACCESS_PHOTO_LIBRARY = NO;
				ENABLE_RESOURCE_ACCESS_PRINTING = NO;
				ENABLE_RESOURCE_ACCESS_USB = NO;
				ENABLE_USER_SELECTED_FILES = readwrite;
				GENERATE_INFOPLIST_FILE = YES;
				INFOPLIST_FILE = SSHadow/Info.plist;
				INFOPLIST_KEY_LSApplicationCategoryType = "public.app-category.utilities";
				INFOPLIST_KEY_NSHumanReadableCopyright = "";
				LD_RUNPATH_SEARCH_PATHS = (
					"$(inherited)",
					"@executable_path/../Frameworks",
				);
				MACOSX_DEPLOYMENT_TARGET = 15.0;
				MARKETING_VERSION = "1.0-alpha";
				PRODUCT_BUNDLE_IDENTIFIER = com.kosolabs.SSHadow;
				PRODUCT_NAME = "$(TARGET_NAME)";
				REGISTER_APP_GROUPS = YES;
				RUNTIME_EXCEPTION_ALLOW_DYLD_ENVIRONMENT_VARIABLES = NO;
				RUNTIME_EXCEPTION_ALLOW_JIT = NO;
				RUNTIME_EXCEPTION_ALLOW_UNSIGNED_EXECUTABLE_MEMORY = NO;
				RUNTIME_EXCEPTION_DEBUGGING_TOOL = NO;
				RUNTIME_EXCEPTION_DISABLE_EXECUTABLE_PAGE_PROTECTION = NO;
				RUNTIME_EXCEPTION_DISABLE_LIBRARY_VALIDATION = NO;
				STRING_CATALOG_GENERATE_SYMBOLS = YES;
				SWIFT_APPROACHABLE_CONCURRENCY = YES;
				SWIFT_DEFAULT_ACTOR_ISOLATION = MainActor;
				SWIFT_EMIT_LOC_STRINGS = YES;
				SWIFT_UPCOMING_FEATURE_MEMBER_IMPORT_VISIBILITY = YES;
			};
			name = Debug;
		};
		733470962F22037100B8181D /* Release */ = {
			isa = XCBuildConfiguration;
			buildSettings = {
				ASSETCATALOG_COMPILER_APPICON_NAME = SSHadow;
				ASSETCATALOG_COMPILER_GLOBAL_ACCENT_COLOR_NAME = AccentColor;
				ASSETCATALOG_COMPILER_INCLUDE_ALL_APPICON_ASSETS = NO;
				AUTOMATION_APPLE_EVENTS = NO;
				CODE_SIGN_ENTITLEMENTS = SSHadow/SSHadow.entitlements;
				"CODE_SIGN_IDENTITY[sdk=macosx*]" = "Apple Development";
				CODE_SIGN_STYLE = Automatic;
				COMBINE_HIDPI_IMAGES = YES;
				CURRENT_PROJECT_VERSION = 1;
				DEAD_CODE_STRIPPING = YES;
				ENABLE_APP_SANDBOX = YES;
				ENABLE_HARDENED_RUNTIME = YES;
				ENABLE_INCOMING_NETWORK_CONNECTIONS = NO;
				ENABLE_OUTGOING_NETWORK_CONNECTIONS = YES;
				ENABLE_PREVIEWS = YES;
				ENABLE_RESOURCE_ACCESS_AUDIO_INPUT = NO;
				ENABLE_RESOURCE_ACCESS_BLUETOOTH = NO;
				ENABLE_RESOURCE_ACCESS_CALENDARS = NO;
				ENABLE_RESOURCE_ACCESS_CAMERA = NO;
				ENABLE_RESOURCE_ACCESS_CONTACTS = NO;
				ENABLE_RESOURCE_ACCESS_LOCATION = NO;
				ENABLE_RESOURCE_ACCESS_PHOTO_LIBRARY = NO;
				ENABLE_RESOURCE_ACCESS_PRINTING = NO;
				ENABLE_RESOURCE_ACCESS_USB = NO;
				ENABLE_USER_SELECTED_FILES = readwrite;
				GENERATE_INFOPLIST_FILE = YES;
				INFOPLIST_FILE = SSHadow/Info.plist;
				INFOPLIST_KEY_LSApplicationCategoryType = "public.app-category.utilities";
				INFOPLIST_KEY_NSHumanReadableCopyright = "";
				LD_RUNPATH_SEARCH_PATHS = (
					"$(inherited)",
					"@executable_path/../Frameworks",
				);
				MACOSX_DEPLOYMENT_TARGET = 15.0;
				MARKETING_VERSION = "1.0-alpha";
				PRODUCT_BUNDLE_IDENTIFIER = com.kosolabs.SSHadow;
				PRODUCT_NAME = "$(TARGET_NAME)";
				REGISTER_APP_GROUPS = YES;
				RUNTIME_EXCEPTION_ALLOW_DYLD_ENVIRONMENT_VARIABLES = NO;
				RUNTIME_EXCEPTION_ALLOW_JIT = NO;
				RUNTIME_EXCEPTION_ALLOW_UNSIGNED_EXECUTABLE_MEMORY = NO;
				RUNTIME_EXCEPTION_DEBUGGING_TOOL = NO;
				RUNTIME_EXCEPTION_DISABLE_EXECUTABLE_PAGE_PROTECTION = NO;
				RUNTIME_EXCEPTION_DISABLE_LIBRARY_VALIDATION = NO;
				STRING_CATALOG_GENERATE_SYMBOLS = YES;
				SWIFT_APPROACHABLE_CONCURRENCY = YES;
				SWIFT_DEFAULT_ACTOR_ISOLATION = MainActor;
				SWIFT_EMIT_LOC_STRINGS = YES;
				SWIFT_UPCOMING_FEATURE_MEMBER_IMPORT_VISIBILITY = YES;
			};
			name = Release;
		};
		73799A562F9811DD00A15109 /* Debug */ = {
			isa = XCBuildConfiguration;
			buildSettings = {
				BUILD_LIBRARY_FOR_DISTRIBUTION = NO;
				CODE_SIGN_IDENTITY = "";
				CODE_SIGN_STYLE = Automatic;
				COMBINE_HIDPI_IMAGES = YES;
				CURRENT_PROJECT_VERSION = 1;
				DYLIB_COMPATIBILITY_VERSION = 1;
				DYLIB_CURRENT_VERSION = 1;
				DYLIB_INSTALL_NAME_BASE = "@rpath";
				ENABLE_MODULE_VERIFIER = YES;
				GENERATE_INFOPLIST_FILE = YES;
				INFOPLIST_KEY_NSHumanReadableCopyright = "";
				INSTALL_PATH = "$(LOCAL_LIBRARY_DIR)/Frameworks";
				LD_RUNPATH_SEARCH_PATHS = (
					"$(inherited)",
					"@executable_path/../Frameworks",
					"@loader_path/Frameworks",
				);
				MACOSX_DEPLOYMENT_TARGET = 15.0;
				MARKETING_VERSION = 1.0;
				MODULE_VERIFIER_SUPPORTED_LANGUAGES = "objective-c objective-c++";
				MODULE_VERIFIER_SUPPORTED_LANGUAGE_STANDARDS = "gnu17 gnu++20";
				PRODUCT_BUNDLE_IDENTIFIER = com.kosolabs.SSHadow.CoreKit;
				PRODUCT_NAME = "$(TARGET_NAME:c99extidentifier)";
				SKIP_INSTALL = YES;
				STRING_CATALOG_GENERATE_SYMBOLS = YES;
				SWIFT_APPROACHABLE_CONCURRENCY = YES;
				SWIFT_EMIT_LOC_STRINGS = YES;
				SWIFT_INSTALL_MODULE = YES;
				SWIFT_INSTALL_OBJC_HEADER = NO;
				SWIFT_UPCOMING_FEATURE_MEMBER_IMPORT_VISIBILITY = YES;
				SWIFT_VERSION = 5.0;
				VERSIONING_SYSTEM = "apple-generic";
				VERSION_INFO_PREFIX = "";
			};
			name = Debug;
		};
		73799A572F9811DD00A15109 /* Release */ = {
			isa = XCBuildConfiguration;
			buildSettings = {
				BUILD_LIBRARY_FOR_DISTRIBUTION = NO;
				CODE_SIGN_IDENTITY = "";
				CODE_SIGN_STYLE = Automatic;
				COMBINE_HIDPI_IMAGES = YES;
				CURRENT_PROJECT_VERSION = 1;
				DYLIB_COMPATIBILITY_VERSION = 1;
				DYLIB_CURRENT_VERSION = 1;
				DYLIB_INSTALL_NAME_BASE = "@rpath";
				ENABLE_MODULE_VERIFIER = YES;
				GENERATE_INFOPLIST_FILE = YES;
				INFOPLIST_KEY_NSHumanReadableCopyright = "";
				INSTALL_PATH = "$(LOCAL_LIBRARY_DIR)/Frameworks";
				LD_RUNPATH_SEARCH_PATHS = (
					"$(inherited)",
					"@executable_path/../Frameworks",
					"@loader_path/Frameworks",
				);
				MACOSX_DEPLOYMENT_TARGET = 15.0;
				MARKETING_VERSION = 1.0;
				MODULE_VERIFIER_SUPPORTED_LANGUAGES = "objective-c objective-c++";
				MODULE_VERIFIER_SUPPORTED_LANGUAGE_STANDARDS = "gnu17 gnu++20";
				PRODUCT_BUNDLE_IDENTIFIER = com.kosolabs.SSHadow.CoreKit;
				PRODUCT_NAME = "$(TARGET_NAME:c99extidentifier)";
				SKIP_INSTALL = YES;
				STRING_CATALOG_GENERATE_SYMBOLS = YES;
				SWIFT_APPROACHABLE_CONCURRENCY = YES;
				SWIFT_EMIT_LOC_STRINGS = YES;
				SWIFT_INSTALL_MODULE = YES;
				SWIFT_INSTALL_OBJC_HEADER = NO;
				SWIFT_UPCOMING_FEATURE_MEMBER_IMPORT_VISIBILITY = YES;
				SWIFT_VERSION = 5.0;
				VERSIONING_SYSTEM = "apple-generic";
				VERSION_INFO_PREFIX = "";
			};
			name = Release;
		};
		73799A592F9811DD00A15109 /* Debug */ = {
			isa = XCBuildConfiguration;
			buildSettings = {
				CODE_SIGN_STYLE = Automatic;
				CURRENT_PROJECT_VERSION = 1;
				DEVELOPMENT_TEAM = A5S59GAS97;
				GENERATE_INFOPLIST_FILE = YES;
				MACOSX_DEPLOYMENT_TARGET = 15.0;
				MARKETING_VERSION = 1.0;
				PRODUCT_BUNDLE_IDENTIFIER = com.kosolabs.SSHadow.CoreKitTests;
				PRODUCT_NAME = "$(TARGET_NAME)";
				STRING_CATALOG_GENERATE_SYMBOLS = NO;
				SWIFT_APPROACHABLE_CONCURRENCY = YES;
				SWIFT_EMIT_LOC_STRINGS = NO;
				SWIFT_UPCOMING_FEATURE_MEMBER_IMPORT_VISIBILITY = YES;
				SWIFT_VERSION = 5.0;
			};
			name = Debug;
		};
		73799A5A2F9811DD00A15109 /* Release */ = {
			isa = XCBuildConfiguration;
			buildSettings = {
				CODE_SIGN_STYLE = Automatic;
				CURRENT_PROJECT_VERSION = 1;
				DEVELOPMENT_TEAM = A5S59GAS97;
				GENERATE_INFOPLIST_FILE = YES;
				MACOSX_DEPLOYMENT_TARGET = 15.0;
				MARKETING_VERSION = 1.0;
				PRODUCT_BUNDLE_IDENTIFIER = com.kosolabs.SSHadow.CoreKitTests;
				PRODUCT_NAME = "$(TARGET_NAME)";
				STRING_CATALOG_GENERATE_SYMBOLS = NO;
				SWIFT_APPROACHABLE_CONCURRENCY = YES;
				SWIFT_EMIT_LOC_STRINGS = NO;
				SWIFT_UPCOMING_FEATURE_MEMBER_IMPORT_VISIBILITY = YES;
				SWIFT_VERSION = 5.0;
			};
			name = Release;
		};
		738D63B92F3FD1F100FED311 /* Debug */ = {
			isa = XCBuildConfiguration;
			buildSettings = {
				BUILD_LIBRARY_FOR_DISTRIBUTION = NO;
				CODE_SIGN_IDENTITY = "";
				"CODE_SIGN_IDENTITY[sdk=macosx*]" = "Apple Development";
				CODE_SIGN_STYLE = Automatic;
				COMBINE_HIDPI_IMAGES = YES;
				CURRENT_PROJECT_VERSION = 1;
				DEAD_CODE_STRIPPING = YES;
				DYLIB_COMPATIBILITY_VERSION = 1;
				DYLIB_CURRENT_VERSION = 1;
				DYLIB_INSTALL_NAME_BASE = "@rpath";
				ENABLE_MODULE_VERIFIER = YES;
				GENERATE_INFOPLIST_FILE = YES;
				INFOPLIST_KEY_NSHumanReadableCopyright = "";
				INSTALL_PATH = "$(LOCAL_LIBRARY_DIR)/Frameworks";
				LD_RUNPATH_SEARCH_PATHS = (
					"$(inherited)",
					"@executable_path/../Frameworks",
					"@loader_path/Frameworks",
				);
				MACOSX_DEPLOYMENT_TARGET = 15.0;
				MARKETING_VERSION = 1.0;
				MODULE_VERIFIER_SUPPORTED_LANGUAGES = "objective-c objective-c++";
				MODULE_VERIFIER_SUPPORTED_LANGUAGE_STANDARDS = "gnu17 gnu++20";
				PRODUCT_BUNDLE_IDENTIFIER = com.kosolabs.SSHadow.ExtensionKit;
				PRODUCT_NAME = "$(TARGET_NAME:c99extidentifier)";
				SKIP_INSTALL = YES;
				STRING_CATALOG_GENERATE_SYMBOLS = YES;
				SWIFT_APPROACHABLE_CONCURRENCY = YES;
				SWIFT_EMIT_LOC_STRINGS = YES;
				SWIFT_INSTALL_MODULE = YES;
				SWIFT_INSTALL_OBJC_HEADER = NO;
				SWIFT_UPCOMING_FEATURE_MEMBER_IMPORT_VISIBILITY = YES;
				VERSIONING_SYSTEM = "apple-generic";
				VERSION_INFO_PREFIX = "";
			};
			name = Debug;
		};
		738D63BA2F3FD1F100FED311 /* Release */ = {
			isa = XCBuildConfiguration;
			buildSettings = {
				BUILD_LIBRARY_FOR_DISTRIBUTION = NO;
				CODE_SIGN_IDENTITY = "";
				"CODE_SIGN_IDENTITY[sdk=macosx*]" = "Apple Development";
				CODE_SIGN_STYLE = Automatic;
				COMBINE_HIDPI_IMAGES = YES;
				CURRENT_PROJECT_VERSION = 1;
				DEAD_CODE_STRIPPING = YES;
				DYLIB_COMPATIBILITY_VERSION = 1;
				DYLIB_CURRENT_VERSION = 1;
				DYLIB_INSTALL_NAME_BASE = "@rpath";
				ENABLE_MODULE_VERIFIER = YES;
				GENERATE_INFOPLIST_FILE = YES;
				INFOPLIST_KEY_NSHumanReadableCopyright = "";
				INSTALL_PATH = "$(LOCAL_LIBRARY_DIR)/Frameworks";
				LD_RUNPATH_SEARCH_PATHS = (
					"$(inherited)",
					"@executable_path/../Frameworks",
					"@loader_path/Frameworks",
				);
				MACOSX_DEPLOYMENT_TARGET = 15.0;
				MARKETING_VERSION = 1.0;
				MODULE_VERIFIER_SUPPORTED_LANGUAGES = "objective-c objective-c++";
				MODULE_VERIFIER_SUPPORTED_LANGUAGE_STANDARDS = "gnu17 gnu++20";
				PRODUCT_BUNDLE_IDENTIFIER = com.kosolabs.SSHadow.ExtensionKit;
				PRODUCT_NAME = "$(TARGET_NAME:c99extidentifier)";
				SKIP_INSTALL = YES;
				STRING_CATALOG_GENERATE_SYMBOLS = YES;
				SWIFT_APPROACHABLE_CONCURRENCY = YES;
				SWIFT_EMIT_LOC_STRINGS = YES;
				SWIFT_INSTALL_MODULE = YES;
				SWIFT_INSTALL_OBJC_HEADER = NO;
				SWIFT_UPCOMING_FEATURE_MEMBER_IMPORT_VISIBILITY = YES;
				VERSIONING_SYSTEM = "apple-generic";
				VERSION_INFO_PREFIX = "";
			};
			name = Release;
		};
		738D63BB2F3FD1F100FED311 /* Debug */ = {
			isa = XCBuildConfiguration;
			buildSettings = {
				CODE_SIGN_STYLE = Automatic;
				CURRENT_PROJECT_VERSION = 1;
				DEAD_CODE_STRIPPING = YES;
				GENERATE_INFOPLIST_FILE = YES;
				MACOSX_DEPLOYMENT_TARGET = 15.0;
				MARKETING_VERSION = 1.0;
				PRODUCT_BUNDLE_IDENTIFIER = com.kosolabs.SSHadow.ExtensionKitTests;
				PRODUCT_NAME = "$(TARGET_NAME)";
				STRING_CATALOG_GENERATE_SYMBOLS = NO;
				SWIFT_APPROACHABLE_CONCURRENCY = YES;
				SWIFT_EMIT_LOC_STRINGS = NO;
				SWIFT_UPCOMING_FEATURE_MEMBER_IMPORT_VISIBILITY = YES;
			};
			name = Debug;
		};
		738D63BC2F3FD1F100FED311 /* Release */ = {
			isa = XCBuildConfiguration;
			buildSettings = {
				CODE_SIGN_STYLE = Automatic;
				CURRENT_PROJECT_VERSION = 1;
				DEAD_CODE_STRIPPING = YES;
				GENERATE_INFOPLIST_FILE = YES;
				MACOSX_DEPLOYMENT_TARGET = 15.0;
				MARKETING_VERSION = 1.0;
				PRODUCT_BUNDLE_IDENTIFIER = com.kosolabs.SSHadow.ExtensionKitTests;
				PRODUCT_NAME = "$(TARGET_NAME)";
				STRING_CATALOG_GENERATE_SYMBOLS = NO;
				SWIFT_APPROACHABLE_CONCURRENCY = YES;
				SWIFT_EMIT_LOC_STRINGS = NO;
				SWIFT_UPCOMING_FEATURE_MEMBER_IMPORT_VISIBILITY = YES;
			};
			name = Release;
		};
		7393A9CF2F3134FB00213730 /* Debug */ = {
			isa = XCBuildConfiguration;
			buildSettings = {
				CODE_SIGN_ENTITLEMENTS = Extension/Extension.entitlements;
				"CODE_SIGN_IDENTITY[sdk=macosx*]" = "Apple Development";
				CODE_SIGN_STYLE = Automatic;
				CURRENT_PROJECT_VERSION = 1;
				DEAD_CODE_STRIPPING = YES;
				ENABLE_APP_SANDBOX = YES;
				ENABLE_HARDENED_RUNTIME = YES;
				ENABLE_INCOMING_NETWORK_CONNECTIONS = NO;
				ENABLE_OUTGOING_NETWORK_CONNECTIONS = YES;
				ENABLE_RESOURCE_ACCESS_AUDIO_INPUT = NO;
				ENABLE_RESOURCE_ACCESS_BLUETOOTH = NO;
				ENABLE_RESOURCE_ACCESS_CALENDARS = NO;
				ENABLE_RESOURCE_ACCESS_CAMERA = NO;
				ENABLE_RESOURCE_ACCESS_CONTACTS = NO;
				ENABLE_RESOURCE_ACCESS_LOCATION = NO;
				ENABLE_RESOURCE_ACCESS_PRINTING = NO;
				ENABLE_RESOURCE_ACCESS_USB = NO;
				ENABLE_USER_SELECTED_FILES = readwrite;
				GENERATE_INFOPLIST_FILE = YES;
				INFOPLIST_FILE = Extension/Info.plist;
				INFOPLIST_KEY_NSHumanReadableCopyright = "";
				LD_RUNPATH_SEARCH_PATHS = (
					"$(inherited)",
					"@executable_path/../Frameworks",
					"@executable_path/../../../../Frameworks",
					"@loader_path/../../../../Frameworks",
				);
				MACOSX_DEPLOYMENT_TARGET = 15.0;
				MARKETING_VERSION = 1.0;
				PRODUCT_BUNDLE_IDENTIFIER = com.kosolabs.SSHadow.Extension;
				PRODUCT_NAME = "$(TARGET_NAME)";
				REGISTER_APP_GROUPS = YES;
				SKIP_INSTALL = YES;
				STRING_CATALOG_GENERATE_SYMBOLS = YES;
				SWIFT_APPROACHABLE_CONCURRENCY = YES;
				SWIFT_EMIT_LOC_STRINGS = YES;
				SWIFT_UPCOMING_FEATURE_MEMBER_IMPORT_VISIBILITY = YES;
			};
			name = Debug;
		};
		7393A9D02F3134FB00213730 /* Release */ = {
			isa = XCBuildConfiguration;
			buildSettings = {
				CODE_SIGN_ENTITLEMENTS = Extension/Extension.entitlements;
				"CODE_SIGN_IDENTITY[sdk=macosx*]" = "Apple Development";
				CODE_SIGN_STYLE = Automatic;
				CURRENT_PROJECT_VERSION = 1;
				DEAD_CODE_STRIPPING = YES;
				ENABLE_APP_SANDBOX = YES;
				ENABLE_HARDENED_RUNTIME = YES;
				ENABLE_INCOMING_NETWORK_CONNECTIONS = NO;
				ENABLE_OUTGOING_NETWORK_CONNECTIONS = YES;
				ENABLE_RESOURCE_ACCESS_AUDIO_INPUT = NO;
				ENABLE_RESOURCE_ACCESS_BLUETOOTH = NO;
				ENABLE_RESOURCE_ACCESS_CALENDARS = NO;
				ENABLE_RESOURCE_ACCESS_CAMERA = NO;
				ENABLE_RESOURCE_ACCESS_CONTACTS = NO;
				ENABLE_RESOURCE_ACCESS_LOCATION = NO;
				ENABLE_RESOURCE_ACCESS_PRINTING = NO;
				ENABLE_RESOURCE_ACCESS_USB = NO;
				ENABLE_USER_SELECTED_FILES = readwrite;
				GENERATE_INFOPLIST_FILE = YES;
				INFOPLIST_FILE = Extension/Info.plist;
				INFOPLIST_KEY_NSHumanReadableCopyright = "";
				LD_RUNPATH_SEARCH_PATHS = (
					"$(inherited)",
					"@executable_path/../Frameworks",
					"@executable_path/../../../../Frameworks",
					"@loader_path/../../../../Frameworks",
				);
				MACOSX_DEPLOYMENT_TARGET = 15.0;
				MARKETING_VERSION = 1.0;
				PRODUCT_BUNDLE_IDENTIFIER = com.kosolabs.SSHadow.Extension;
				PRODUCT_NAME = "$(TARGET_NAME)";
				REGISTER_APP_GROUPS = YES;
				SKIP_INSTALL = YES;
				STRING_CATALOG_GENERATE_SYMBOLS = YES;
				SWIFT_APPROACHABLE_CONCURRENCY = YES;
				SWIFT_EMIT_LOC_STRINGS = YES;
				SWIFT_UPCOMING_FEATURE_MEMBER_IMPORT_VISIBILITY = YES;
			};
			name = Release;
		};
/* End XCBuildConfiguration section */

/* Begin XCConfigurationList section */
		730981162F318825009F7AA2 /* Build configuration list for PBXNativeTarget "Common" */ = {
			isa = XCConfigurationList;
			buildConfigurations = (
				730981172F318825009F7AA2 /* Debug */,
				730981182F318825009F7AA2 /* Release */,
			);
			defaultConfigurationIsVisible = 0;
			defaultConfigurationName = Release;
		};
		7309811A2F318825009F7AA2 /* Build configuration list for PBXNativeTarget "CommonTests" */ = {
			isa = XCConfigurationList;
			buildConfigurations = (
				7309811B2F318825009F7AA2 /* Debug */,
				7309811C2F318825009F7AA2 /* Release */,
			);
			defaultConfigurationIsVisible = 0;
			defaultConfigurationName = Release;
		};
		7322A9192F28212400D8117D /* Build configuration list for PBXNativeTarget "UITests" */ = {
			isa = XCConfigurationList;
			buildConfigurations = (
				7322A91A2F28212400D8117D /* Debug */,
				7322A91B2F28212400D8117D /* Release */,
			);
			defaultConfigurationIsVisible = 0;
			defaultConfigurationName = Release;
		};
		733470842F22037100B8181D /* Build configuration list for PBXProject "SSHadow" */ = {
			isa = XCConfigurationList;
			buildConfigurations = (
				733470922F22037100B8181D /* Debug */,
				733470932F22037100B8181D /* Release */,
			);
			defaultConfigurationIsVisible = 0;
			defaultConfigurationName = Release;
		};
		733470942F22037100B8181D /* Build configuration list for PBXNativeTarget "SSHadow" */ = {
			isa = XCConfigurationList;
			buildConfigurations = (
				733470952F22037100B8181D /* Debug */,
				733470962F22037100B8181D /* Release */,
			);
			defaultConfigurationIsVisible = 0;
			defaultConfigurationName = Release;
		};
		73799A552F9811DD00A15109 /* Build configuration list for PBXNativeTarget "CoreKit" */ = {
			isa = XCConfigurationList;
			buildConfigurations = (
				73799A562F9811DD00A15109 /* Debug */,
				73799A572F9811DD00A15109 /* Release */,
			);
			defaultConfigurationIsVisible = 0;
			defaultConfigurationName = Release;
		};
		73799A582F9811DD00A15109 /* Build configuration list for PBXNativeTarget "CoreKitTests" */ = {
			isa = XCConfigurationList;
			buildConfigurations = (
				73799A592F9811DD00A15109 /* Debug */,
				73799A5A2F9811DD00A15109 /* Release */,
			);
			defaultConfigurationIsVisible = 0;
			defaultConfigurationName = Release;
		};
		738D63BD2F3FD1F100FED311 /* Build configuration list for PBXNativeTarget "ExtensionKit" */ = {
			isa = XCConfigurationList;
			buildConfigurations = (
				738D63B92F3FD1F100FED311 /* Debug */,
				738D63BA2F3FD1F100FED311 /* Release */,
			);
			defaultConfigurationIsVisible = 0;
			defaultConfigurationName = Release;
		};
		738D63BE2F3FD1F100FED311 /* Build configuration list for PBXNativeTarget "ExtensionKitTests" */ = {
			isa = XCConfigurationList;
			buildConfigurations = (
				738D63BB2F3FD1F100FED311 /* Debug */,
				738D63BC2F3FD1F100FED311 /* Release */,
			);
			defaultConfigurationIsVisible = 0;
			defaultConfigurationName = Release;
		};
		7393A9CE2F3134FB00213730 /* Build configuration list for PBXNativeTarget "Extension" */ = {
			isa = XCConfigurationList;
			buildConfigurations = (
				7393A9CF2F3134FB00213730 /* Debug */,
				7393A9D02F3134FB00213730 /* Release */,
			);
			defaultConfigurationIsVisible = 0;
			defaultConfigurationName = Release;
		};
/* End XCConfigurationList section */

/* Begin XCRemoteSwiftPackageReference section */
		7322A9262F294D5400D8117D /* XCRemoteSwiftPackageReference "swift-lib-ssh" */ = {
			isa = XCRemoteSwiftPackageReference;
			repositoryURL = "https://github.com/kosolabs/swift-lib-ssh.git";
			requirement = {
				kind = upToNextMajorVersion;
				minimumVersion = 1.19.0;
			};
		};
		737720C72FBD039600FC5390 /* XCRemoteSwiftPackageReference "swift-collections" */ = {
			isa = XCRemoteSwiftPackageReference;
			repositoryURL = "https://github.com/apple/swift-collections.git";
			requirement = {
				kind = upToNextMajorVersion;
				minimumVersion = 1.5.1;
			};
		};
/* End XCRemoteSwiftPackageReference section */

/* Begin XCSwiftPackageProductDependency section */
		7322A9272F294D5400D8117D /* SwiftLibSSH */ = {
			isa = XCSwiftPackageProductDependency;
			package = 7322A9262F294D5400D8117D /* XCRemoteSwiftPackageReference "swift-lib-ssh" */;
			productName = SwiftLibSSH;
		};
		737720C82FBD039600FC5390 /* OrderedCollections */ = {
			isa = XCSwiftPackageProductDependency;
			package = 737720C72FBD039600FC5390 /* XCRemoteSwiftPackageReference "swift-collections" */;
			productName = OrderedCollections;
		};
		73799A692F9812A200A15109 /* SwiftLibSSH */ = {
			isa = XCSwiftPackageProductDependency;
			package = 7322A9262F294D5400D8117D /* XCRemoteSwiftPackageReference "swift-lib-ssh" */;
			productName = SwiftLibSSH;
		};
		73799A6B2F9812D100A15109 /* SwiftLibSSH */ = {
			isa = XCSwiftPackageProductDependency;
			package = 7322A9262F294D5400D8117D /* XCRemoteSwiftPackageReference "swift-lib-ssh" */;
			productName = SwiftLibSSH;
		};
		738C97B82FDA03CC007EC380 /* SwiftLibSSH */ = {
			isa = XCSwiftPackageProductDependency;
			package = 7322A9262F294D5400D8117D /* XCRemoteSwiftPackageReference "swift-lib-ssh" */;
			productName = SwiftLibSSH;
		};
		738C97BA2FDA03D2007EC380 /* SwiftLibSSH */ = {
			isa = XCSwiftPackageProductDependency;
			package = 7322A9262F294D5400D8117D /* XCRemoteSwiftPackageReference "swift-lib-ssh" */;
			productName = SwiftLibSSH;
		};
/* End XCSwiftPackageProductDependency section */
	};
	rootObject = 733470812F22037100B8181D /* Project object */;
}
