{
  "originHash" : "47a7cfd99ef1f48a3a1c55a2815a07f8e97431746aab79a2f1e01ee6c5ea49c4",
  "pins" : [
    {
      "identity" : "swift-lib-ssh",
      "kind" : "remoteSourceControl",
      "location" : "https://github.com/kosolabs/swift-lib-ssh.git",
      "state" : {
        "revision" : "ea30534fa30faf0e4496b847e461cba05a361c25",
        "version" : "1.17.2"
      }
    }
  ],
  "version" : 3
}
