{
  "originHash" : "c51cbc802a486b759e353268ff1eec4b79c69cb20d9fcf9eefbc6f1204c3e3e4",
  "pins" : [
    {
      "identity" : "swift-collections",
      "kind" : "remoteSourceControl",
      "location" : "https://github.com/apple/swift-collections.git",
      "state" : {
        "revision" : "fea17c02d767f46b23070fdfdacc28a03a39232a",
        "version" : "1.5.1"
      }
    },
    {
      "identity" : "swift-libssh",
      "kind" : "remoteSourceControl",
      "location" : "https://github.com/kosolabs/swift-libssh.git",
      "state" : {
        "revision" : "5b5ea3b69bd95ebccae3d439914c84f81f154f2a",
        "version" : "1.21.1"
      }
    }
  ],
  "version" : 3
}
